// !$*UTF8*$!
{
	archiveVersion = 1;
	classes = {
	};
	objectVersion = 51;
	objects = {

/* Begin PBXBuildFile section */
		4204AFFE25A228E800ED9F3B /* PaddingLabel.swift in Sources */ = {isa = PBXBuildFile; fileRef = 4204AFFD25A228E800ED9F3B /* PaddingLabel.swift */; };
		4215924E25939B9700DF5C33 /* CategoryCollectionViewCell.swift in Sources */ = {isa = PBXBuildFile; fileRef = 4215924D25939B9700DF5C33 /* CategoryCollectionViewCell.swift */; };
		4227A754258CB7730082C0E8 /* ActivityDetailsViewController.swift in Sources */ = {isa = PBXBuildFile; fileRef = 4227A752258CB7730082C0E8 /* ActivityDetailsViewController.swift */; };
		4227A755258CB7730082C0E8 /* ActivityDetailsViewController.xib in Resources */ = {isa = PBXBuildFile; fileRef = 4227A753258CB7730082C0E8 /* ActivityDetailsViewController.xib */; };
		42289B5525B36F7D00B5C39C /* WidgetKit.framework in Frameworks */ = {isa = PBXBuildFile; fileRef = 42289B5425B36F7D00B5C39C /* WidgetKit.framework */; };
		42289B5725B36F7D00B5C39C /* SwiftUI.framework in Frameworks */ = {isa = PBXBuildFile; fileRef = 42289B5625B36F7D00B5C39C /* SwiftUI.framework */; };
		42289B5A25B36F7D00B5C39C /* WeatherActivityWidget.swift in Sources */ = {isa = PBXBuildFile; fileRef = 42289B5925B36F7D00B5C39C /* WeatherActivityWidget.swift */; };
		42289B5D25B36F7E00B5C39C /* Assets.xcassets in Resources */ = {isa = PBXBuildFile; fileRef = 42289B5C25B36F7E00B5C39C /* Assets.xcassets */; };
		42289B5F25B36F7E00B5C39C /* WeatherActivityWidget.intentdefinition in Sources */ = {isa = PBXBuildFile; fileRef = 42289B5B25B36F7D00B5C39C /* WeatherActivityWidget.intentdefinition */; };
		42289B6025B36F7E00B5C39C /* WeatherActivityWidget.intentdefinition in Sources */ = {isa = PBXBuildFile; fileRef = 42289B5B25B36F7D00B5C39C /* WeatherActivityWidget.intentdefinition */; };
		42289B6325B36F7E00B5C39C /* WeatherActivityWidgetExtension.appex in Embed App Extensions */ = {isa = PBXBuildFile; fileRef = 42289B5325B36F7D00B5C39C /* WeatherActivityWidgetExtension.appex */; settings = {ATTRIBUTES = (RemoveHeadersOnCopy, ); }; };
		42289B6F25B370D200B5C39C /* WeatherActivityWidgetView.swift in Sources */ = {isa = PBXBuildFile; fileRef = 42289B6D25B370D200B5C39C /* WeatherActivityWidgetView.swift */; };
		42289B7825B370FC00B5C39C /* ActivitiesResponse.swift in Sources */ = {isa = PBXBuildFile; fileRef = 4238F633257D7DDE00A755BE /* ActivitiesResponse.swift */; };
		42289B7D25B3710000B5C39C /* ActivityService.swift in Sources */ = {isa = PBXBuildFile; fileRef = 4238F62D257D7C7600A755BE /* ActivityService.swift */; };
		42289B8225B3710A00B5C39C /* SessionManager.swift in Sources */ = {isa = PBXBuildFile; fileRef = 8C2D042E2576DE3F002E51D0 /* SessionManager.swift */; };
		42289B8725B3711200B5C39C /* SecureStorage.swift in Sources */ = {isa = PBXBuildFile; fileRef = 8C2D04282576D9E9002E51D0 /* SecureStorage.swift */; };
		42289B9A25B3719400B5C39C /* Constants.swift in Sources */ = {isa = PBXBuildFile; fileRef = 42B0FB00257070A700781940 /* Constants.swift */; };
		4238F62E257D7C7600A755BE /* ActivityService.swift in Sources */ = {isa = PBXBuildFile; fileRef = 4238F62D257D7C7600A755BE /* ActivityService.swift */; };
		4238F634257D7DDE00A755BE /* ActivitiesResponse.swift in Sources */ = {isa = PBXBuildFile; fileRef = 4238F633257D7DDE00A755BE /* ActivitiesResponse.swift */; };
		423CFA5C2572A5BA005CF798 /* RegistrationCompletion.storyboard in Resources */ = {isa = PBXBuildFile; fileRef = 423CFA5B2572A5BA005CF798 /* RegistrationCompletion.storyboard */; };
		423CFA612572A60F005CF798 /* RegistrationCompletionViewController.swift in Sources */ = {isa = PBXBuildFile; fileRef = 423CFA602572A60F005CF798 /* RegistrationCompletionViewController.swift */; };
		424F7EA3258BA504003EC185 /* UIButton+Appearance.swift in Sources */ = {isa = PBXBuildFile; fileRef = 424F7EA2258BA504003EC185 /* UIButton+Appearance.swift */; };
		424F7EA8258BB3CE003EC185 /* TextFieldAppearance.swift in Sources */ = {isa = PBXBuildFile; fileRef = 424F7EA7258BB3CE003EC185 /* TextFieldAppearance.swift */; };
		425246FA25A0DBE500E5F003 /* UIExtensions.swift in Sources */ = {isa = PBXBuildFile; fileRef = 425246F925A0DBE500E5F003 /* UIExtensions.swift */; };
		4252471F25A0E0B700E5F003 /* LaunchScreen.storyboard in Resources */ = {isa = PBXBuildFile; fileRef = 4252471E25A0E0B700E5F003 /* LaunchScreen.storyboard */; };
		4252C841258F95C900A2A7CC /* StandardStorage.swift in Sources */ = {isa = PBXBuildFile; fileRef = 4252C840258F95C900A2A7CC /* StandardStorage.swift */; };
		4252C846258F99E400A2A7CC /* UserDefaultsManager.swift in Sources */ = {isa = PBXBuildFile; fileRef = 4252C845258F99E400A2A7CC /* UserDefaultsManager.swift */; };
		4252F64825626DE600FCA0CB /* AppDelegate.swift in Sources */ = {isa = PBXBuildFile; fileRef = 4252F64725626DE600FCA0CB /* AppDelegate.swift */; };
		4252F64A25626DE600FCA0CB /* SceneDelegate.swift in Sources */ = {isa = PBXBuildFile; fileRef = 4252F64925626DE600FCA0CB /* SceneDelegate.swift */; };
		4252F64C25626DE600FCA0CB /* LoginViewController.swift in Sources */ = {isa = PBXBuildFile; fileRef = 4252F64B25626DE600FCA0CB /* LoginViewController.swift */; };
		4252F65125626DE900FCA0CB /* Assets.xcassets in Resources */ = {isa = PBXBuildFile; fileRef = 4252F65025626DE900FCA0CB /* Assets.xcassets */; };
		4252F65F25626DE900FCA0CB /* WeatherActivityTests.swift in Sources */ = {isa = PBXBuildFile; fileRef = 4252F65E25626DE900FCA0CB /* WeatherActivityTests.swift */; };
		4252F66A25626DE900FCA0CB /* WeatherActivityUITests.swift in Sources */ = {isa = PBXBuildFile; fileRef = 4252F66925626DE900FCA0CB /* WeatherActivityUITests.swift */; };
		4252F69A256282E800FCA0CB /* Registration.storyboard in Resources */ = {isa = PBXBuildFile; fileRef = 4252F699256282E800FCA0CB /* Registration.storyboard */; };
		4252F6AB2562871200FCA0CB /* FirstInitialScreen.storyboard in Resources */ = {isa = PBXBuildFile; fileRef = 4252F6AA2562871200FCA0CB /* FirstInitialScreen.storyboard */; };
		4252F6B125628A3800FCA0CB /* ThirdInitialScreen.storyboard in Resources */ = {isa = PBXBuildFile; fileRef = 4252F6B025628A3800FCA0CB /* ThirdInitialScreen.storyboard */; };
		4252F6B72562A04000FCA0CB /* SecondInitialScreen.storyboard in Resources */ = {isa = PBXBuildFile; fileRef = 4252F6B62562A04000FCA0CB /* SecondInitialScreen.storyboard */; };
		4257F70F259137F7004F191A /* SearchActivitiesViewController.swift in Sources */ = {isa = PBXBuildFile; fileRef = 4257F70E259137F7004F191A /* SearchActivitiesViewController.swift */; };
		4274646B25B8A128007842C7 /* Assets.xcassets in Resources */ = {isa = PBXBuildFile; fileRef = 4252F65025626DE900FCA0CB /* Assets.xcassets */; };
		4274647125B8A95E007842C7 /* Colors.xcassets in Resources */ = {isa = PBXBuildFile; fileRef = 4274647025B8A95E007842C7 /* Colors.xcassets */; };
		4278013F257CF11200E9EE9C /* ActivityCell.swift in Sources */ = {isa = PBXBuildFile; fileRef = 4278013D257CF11200E9EE9C /* ActivityCell.swift */; };
		42780140257CF11200E9EE9C /* ActivityCell.xib in Resources */ = {isa = PBXBuildFile; fileRef = 4278013E257CF11200E9EE9C /* ActivityCell.xib */; };
		42780151257CF91800E9EE9C /* ActivityListView.xib in Resources */ = {isa = PBXBuildFile; fileRef = 42780150257CF91800E9EE9C /* ActivityListView.xib */; };
		42780156257CF94E00E9EE9C /* ActivityListView.swift in Sources */ = {isa = PBXBuildFile; fileRef = 42780155257CF94E00E9EE9C /* ActivityListView.swift */; };
		4278015C257CFBEB00E9EE9C /* UITableView+RegisterCell.swift in Sources */ = {isa = PBXBuildFile; fileRef = 4278015B257CFBEB00E9EE9C /* UITableView+RegisterCell.swift */; };
		427A6F44258C03AA007EDB4B /* RegistrationUserData.swift in Sources */ = {isa = PBXBuildFile; fileRef = 427A6F43258C03AA007EDB4B /* RegistrationUserData.swift */; };
		4294A88F258CEAA60003240C /* CagegoryModel.swift in Sources */ = {isa = PBXBuildFile; fileRef = 4294A88E258CEAA60003240C /* CagegoryModel.swift */; };
		4299725E25AD001F0021245B /* Calendar.storyboard in Resources */ = {isa = PBXBuildFile; fileRef = 4299725C25AD001F0021245B /* Calendar.storyboard */; };
		4299725F25AD001F0021245B /* CalendarViewController.swift in Sources */ = {isa = PBXBuildFile; fileRef = 4299725D25AD001F0021245B /* CalendarViewController.swift */; };
		429A736825758E9E00B99F8D /* UIViewController+Alert.swift in Sources */ = {isa = PBXBuildFile; fileRef = 429A736725758E9E00B99F8D /* UIViewController+Alert.swift */; };
		429A737025758EC900B99F8D /* RegistrationValidator.swift in Sources */ = {isa = PBXBuildFile; fileRef = 429A736F25758EC900B99F8D /* RegistrationValidator.swift */; };
		42B0FB01257070A700781940 /* Constants.swift in Sources */ = {isa = PBXBuildFile; fileRef = 42B0FB00257070A700781940 /* Constants.swift */; };
		42B69A4825B05DB9009481C4 /* Colors.xcassets in Resources */ = {isa = PBXBuildFile; fileRef = 42B69A4725B05DB9009481C4 /* Colors.xcassets */; };
		42BC58F1259143120054CF75 /* SearchActivities.storyboard in Resources */ = {isa = PBXBuildFile; fileRef = 42BC58F0259143120054CF75 /* SearchActivities.storyboard */; };
		42C372C425A255C600A061BD /* FirstInitialScreenViewController.swift in Sources */ = {isa = PBXBuildFile; fileRef = 42C372C325A255C600A061BD /* FirstInitialScreenViewController.swift */; };
		42C372C925A2569700A061BD /* SecondInitialScreenViewController.swift in Sources */ = {isa = PBXBuildFile; fileRef = 42C372C825A2569700A061BD /* SecondInitialScreenViewController.swift */; };
		42C372D125A256F000A061BD /* ThirdInitialScreenViewController.swift in Sources */ = {isa = PBXBuildFile; fileRef = 42C372D025A256F000A061BD /* ThirdInitialScreenViewController.swift */; };
		42D29B86257FAD0A00F74E5D /* CategoryResponse.swift in Sources */ = {isa = PBXBuildFile; fileRef = 42D29B85257FAD0A00F74E5D /* CategoryResponse.swift */; };
		42D29B8B257FAD5500F74E5D /* CategoryService.swift in Sources */ = {isa = PBXBuildFile; fileRef = 42D29B8A257FAD5500F74E5D /* CategoryService.swift */; };
		42D29B92257FADC500F74E5D /* CategoriesDetailsViewController.swift in Sources */ = {isa = PBXBuildFile; fileRef = 42D29B91257FADC500F74E5D /* CategoriesDetailsViewController.swift */; };
		42D29B9D257FAE0900F74E5D /* CategoriesDetails.storyboard in Resources */ = {isa = PBXBuildFile; fileRef = 42D29B9C257FAE0900F74E5D /* CategoriesDetails.storyboard */; };
		42D29BA2257FAE2D00F74E5D /* CategoriesCollectionViewCell.swift in Sources */ = {isa = PBXBuildFile; fileRef = 42D29BA1257FAE2D00F74E5D /* CategoriesCollectionViewCell.swift */; };
		42D320F225A0EE4F002E627E /* AvatarCollectionViewCell.swift in Sources */ = {isa = PBXBuildFile; fileRef = 42D320F125A0EE4F002E627E /* AvatarCollectionViewCell.swift */; };
		42EF36C2256C159F0069E590 /* Home.storyboard in Resources */ = {isa = PBXBuildFile; fileRef = 42EF36C1256C159F0069E590 /* Home.storyboard */; };
		42EF36C7256C15EB0069E590 /* HomeViewController.swift in Sources */ = {isa = PBXBuildFile; fileRef = 42EF36C6256C15EB0069E590 /* HomeViewController.swift */; };
		42F2E8EE259C8B07000D26B1 /* UIColor+Appearance.swift in Sources */ = {isa = PBXBuildFile; fileRef = 42F2E8ED259C8B07000D26B1 /* UIColor+Appearance.swift */; };
		548B022222BD917EE347199F /* Pods_WeatherActivityTests.framework in Frameworks */ = {isa = PBXBuildFile; fileRef = EB0EAF181C676D14C06AB651 /* Pods_WeatherActivityTests.framework */; };
		59D0F0E2DF975C4A873C0E12 /* Pods_WeatherActivity.framework in Frameworks */ = {isa = PBXBuildFile; fileRef = 21E3DBCF3D927D95E4389908 /* Pods_WeatherActivity.framework */; };
		8C250065258B761D00C79832 /* AddActivityFlowDataManager.swift in Sources */ = {isa = PBXBuildFile; fileRef = 8C250064258B761D00C79832 /* AddActivityFlowDataManager.swift */; };
		8C25006B258B890800C79832 /* Encodable+Dictionary.swift in Sources */ = {isa = PBXBuildFile; fileRef = 8C25006A258B890800C79832 /* Encodable+Dictionary.swift */; };
		8C2D04062576D280002E51D0 /* LoginCredentials.swift in Sources */ = {isa = PBXBuildFile; fileRef = 8C2D04052576D280002E51D0 /* LoginCredentials.swift */; };
		8C2D040C2576D2A6002E51D0 /* AuthResponse.swift in Sources */ = {isa = PBXBuildFile; fileRef = 8C2D040B2576D2A6002E51D0 /* AuthResponse.swift */; };
		8C2D04142576D2B8002E51D0 /* TokenCheckResponse.swift in Sources */ = {isa = PBXBuildFile; fileRef = 8C2D04132576D2B8002E51D0 /* TokenCheckResponse.swift */; };
		8C2D041F2576D394002E51D0 /* EmailCheckResponse.swift in Sources */ = {isa = PBXBuildFile; fileRef = 8C2D041E2576D394002E51D0 /* EmailCheckResponse.swift */; };
		8C2D04292576D9E9002E51D0 /* SecureStorage.swift in Sources */ = {isa = PBXBuildFile; fileRef = 8C2D04282576D9E9002E51D0 /* SecureStorage.swift */; };
		8C2D042F2576DE3F002E51D0 /* SessionManager.swift in Sources */ = {isa = PBXBuildFile; fileRef = 8C2D042E2576DE3F002E51D0 /* SessionManager.swift */; };
		8C3EE108257E73B10017EEFD /* ForecastData.swift in Sources */ = {isa = PBXBuildFile; fileRef = 8C3EE107257E73B10017EEFD /* ForecastData.swift */; };
		8C49F0C12579748D0067EA86 /* NewActivity.swift in Sources */ = {isa = PBXBuildFile; fileRef = 8C49F0C02579748D0067EA86 /* NewActivity.swift */; };
		8C4B642F258B51B70013DADD /* AddActivityStepViewController.swift in Sources */ = {isa = PBXBuildFile; fileRef = 8C4B642E258B51B70013DADD /* AddActivityStepViewController.swift */; };
		8C4B6438258B52310013DADD /* AddActivityFlowNavigator.swift in Sources */ = {isa = PBXBuildFile; fileRef = 8C4B6437258B52310013DADD /* AddActivityFlowNavigator.swift */; };
		8C4B6447258B62230013DADD /* AddActivityStepInfo.swift in Sources */ = {isa = PBXBuildFile; fileRef = 8C4B6446258B62230013DADD /* AddActivityStepInfo.swift */; };
		8C4C9C57257AC78100B05F3D /* ForecastService.swift in Sources */ = {isa = PBXBuildFile; fileRef = 8C4C9C56257AC78100B05F3D /* ForecastService.swift */; };
		8C7C9A57256D610900683AE5 /* RegistrationViewController.swift in Sources */ = {isa = PBXBuildFile; fileRef = 8C7C9A56256D610900683AE5 /* RegistrationViewController.swift */; };
		8C7C9A6D256E9FAE00683AE5 /* LoginService.swift in Sources */ = {isa = PBXBuildFile; fileRef = 8C7C9A6C256E9FAE00683AE5 /* LoginService.swift */; };
		8C7C9A7E256EA3EF00683AE5 /* User.swift in Sources */ = {isa = PBXBuildFile; fileRef = 8C7C9A7D256EA3EF00683AE5 /* User.swift */; };
		8C8BF4E72570F16D00E1CBE8 /* RegistrationService.swift in Sources */ = {isa = PBXBuildFile; fileRef = 8C8BF4E62570F16D00E1CBE8 /* RegistrationService.swift */; };
		8C9CD85E2594A96B00D49E16 /* WeatherTypeCollectionViewCell.swift in Sources */ = {isa = PBXBuildFile; fileRef = 8C9CD85D2594A96B00D49E16 /* WeatherTypeCollectionViewCell.swift */; };
		8C9CD86D2594A9FB00D49E16 /* Login.storyboard in Resources */ = {isa = PBXBuildFile; fileRef = 4252F64D25626DE600FCA0CB /* Login.storyboard */; };
		8CA49C5F257E249C008515B0 /* TimeDetailsManager.swift in Sources */ = {isa = PBXBuildFile; fileRef = 8CA49C5E257E249C008515B0 /* TimeDetailsManager.swift */; };
		8CB0C47A258A4D46009450B3 /* FinalDetailsViewController.swift in Sources */ = {isa = PBXBuildFile; fileRef = 8CB0C479258A4D46009450B3 /* FinalDetailsViewController.swift */; };
		8CB0C487258A4D57009450B3 /* LocationDetailsViewController.swift in Sources */ = {isa = PBXBuildFile; fileRef = 8CB0C486258A4D57009450B3 /* LocationDetailsViewController.swift */; };
		8CB0C48C258A4D5F009450B3 /* TimeDetailsViewController.swift in Sources */ = {isa = PBXBuildFile; fileRef = 8CB0C48B258A4D5F009450B3 /* TimeDetailsViewController.swift */; };
		8CB0C494258A4D70009450B3 /* FinalDetails.storyboard in Resources */ = {isa = PBXBuildFile; fileRef = 8CB0C493258A4D70009450B3 /* FinalDetails.storyboard */; };
		8CB0C49E258A4D7E009450B3 /* LocationDetails.storyboard in Resources */ = {isa = PBXBuildFile; fileRef = 8CB0C49D258A4D7E009450B3 /* LocationDetails.storyboard */; };
		8CB0C4A3258A4D85009450B3 /* TimeDetails.storyboard in Resources */ = {isa = PBXBuildFile; fileRef = 8CB0C4A2258A4D85009450B3 /* TimeDetails.storyboard */; };
		8CDA3FB8257ACB340047C727 /* WeatherInfo.swift in Sources */ = {isa = PBXBuildFile; fileRef = 8CDA3FB7257ACB340047C727 /* WeatherInfo.swift */; };
		8CE0417225764E04005EFEC4 /* RegistrationUser.swift in Sources */ = {isa = PBXBuildFile; fileRef = 8CE0417125764E04005EFEC4 /* RegistrationUser.swift */; };
		9B611762AF873A0410982DF9 /* Pods_WeatherActivityWidgetExtension.framework in Frameworks */ = {isa = PBXBuildFile; fileRef = 50D940EF3CEB4D27461352F0 /* Pods_WeatherActivityWidgetExtension.framework */; };
		DD643BF0A9E441A5AFDCC5B5 /* Pods_WeatherActivity_WeatherActivityUITests.framework in Frameworks */ = {isa = PBXBuildFile; fileRef = B5B02EEB462094EE6C98877B /* Pods_WeatherActivity_WeatherActivityUITests.framework */; };
/* End PBXBuildFile section */

/* Begin PBXContainerItemProxy section */
		42289B6125B36F7E00B5C39C /* PBXContainerItemProxy */ = {
			isa = PBXContainerItemProxy;
			containerPortal = 4252F63C25626DE600FCA0CB /* Project object */;
			proxyType = 1;
			remoteGlobalIDString = 42289B5225B36F7D00B5C39C;
			remoteInfo = WeatherActivityWidgetExtension;
		};
		4252F65B25626DE900FCA0CB /* PBXContainerItemProxy */ = {
			isa = PBXContainerItemProxy;
			containerPortal = 4252F63C25626DE600FCA0CB /* Project object */;
			proxyType = 1;
			remoteGlobalIDString = 4252F64325626DE600FCA0CB;
			remoteInfo = WeatherActivity;
		};
		4252F66625626DE900FCA0CB /* PBXContainerItemProxy */ = {
			isa = PBXContainerItemProxy;
			containerPortal = 4252F63C25626DE600FCA0CB /* Project object */;
			proxyType = 1;
			remoteGlobalIDString = 4252F64325626DE600FCA0CB;
			remoteInfo = WeatherActivity;
		};
/* End PBXContainerItemProxy section */

/* Begin PBXCopyFilesBuildPhase section */
		42289B6425B36F7E00B5C39C /* Embed App Extensions */ = {
			isa = PBXCopyFilesBuildPhase;
			buildActionMask = 2147483647;
			dstPath = "";
			dstSubfolderSpec = 13;
			files = (
				42289B6325B36F7E00B5C39C /* WeatherActivityWidgetExtension.appex in Embed App Extensions */,
			);
			name = "Embed App Extensions";
			runOnlyForDeploymentPostprocessing = 0;
		};
/* End PBXCopyFilesBuildPhase section */

/* Begin PBXFileReference section */
		21E3DBCF3D927D95E4389908 /* Pods_WeatherActivity.framework */ = {isa = PBXFileReference; explicitFileType = wrapper.framework; includeInIndex = 0; path = Pods_WeatherActivity.framework; sourceTree = BUILT_PRODUCTS_DIR; };
		4204AFFD25A228E800ED9F3B /* PaddingLabel.swift */ = {isa = PBXFileReference; lastKnownFileType = sourcecode.swift; path = PaddingLabel.swift; sourceTree = "<group>"; };
		4205CE1425705A3600FF056F /* UIExtensions.swift */ = {isa = PBXFileReference; lastKnownFileType = sourcecode.swift; path = UIExtensions.swift; sourceTree = "<group>"; };
		420EB74625790E9F00ABCFAE /* FinalDetailsViewController.swift */ = {isa = PBXFileReference; lastKnownFileType = sourcecode.swift; path = FinalDetailsViewController.swift; sourceTree = "<group>"; };
		420EB74B25790EC100ABCFAE /* FinalDetails.storyboard */ = {isa = PBXFileReference; lastKnownFileType = file.storyboard; path = FinalDetails.storyboard; sourceTree = "<group>"; };
		42124F5425B395D7008B7ACF /* WeatherActivity.entitlements */ = {isa = PBXFileReference; lastKnownFileType = text.plist.entitlements; path = WeatherActivity.entitlements; sourceTree = "<group>"; };
		42124F5525B395F2008B7ACF /* WeatherActivityWidgetExtension.entitlements */ = {isa = PBXFileReference; lastKnownFileType = text.plist.entitlements; path = WeatherActivityWidgetExtension.entitlements; sourceTree = "<group>"; };
		4215924D25939B9700DF5C33 /* CategoryCollectionViewCell.swift */ = {isa = PBXFileReference; lastKnownFileType = sourcecode.swift; path = CategoryCollectionViewCell.swift; sourceTree = "<group>"; };
		4227A752258CB7730082C0E8 /* ActivityDetailsViewController.swift */ = {isa = PBXFileReference; lastKnownFileType = sourcecode.swift; path = ActivityDetailsViewController.swift; sourceTree = "<group>"; };
		4227A753258CB7730082C0E8 /* ActivityDetailsViewController.xib */ = {isa = PBXFileReference; lastKnownFileType = file.xib; path = ActivityDetailsViewController.xib; sourceTree = "<group>"; };
		42289B5325B36F7D00B5C39C /* WeatherActivityWidgetExtension.appex */ = {isa = PBXFileReference; explicitFileType = "wrapper.app-extension"; includeInIndex = 0; path = WeatherActivityWidgetExtension.appex; sourceTree = BUILT_PRODUCTS_DIR; };
		42289B5425B36F7D00B5C39C /* WidgetKit.framework */ = {isa = PBXFileReference; lastKnownFileType = wrapper.framework; name = WidgetKit.framework; path = System/Library/Frameworks/WidgetKit.framework; sourceTree = SDKROOT; };
		42289B5625B36F7D00B5C39C /* SwiftUI.framework */ = {isa = PBXFileReference; lastKnownFileType = wrapper.framework; name = SwiftUI.framework; path = System/Library/Frameworks/SwiftUI.framework; sourceTree = SDKROOT; };
		42289B5925B36F7D00B5C39C /* WeatherActivityWidget.swift */ = {isa = PBXFileReference; lastKnownFileType = sourcecode.swift; path = WeatherActivityWidget.swift; sourceTree = "<group>"; };
		42289B5B25B36F7D00B5C39C /* WeatherActivityWidget.intentdefinition */ = {isa = PBXFileReference; lastKnownFileType = file.intentdefinition; path = WeatherActivityWidget.intentdefinition; sourceTree = "<group>"; };
		42289B5C25B36F7E00B5C39C /* Assets.xcassets */ = {isa = PBXFileReference; lastKnownFileType = folder.assetcatalog; path = Assets.xcassets; sourceTree = "<group>"; };
		42289B5E25B36F7E00B5C39C /* Info.plist */ = {isa = PBXFileReference; lastKnownFileType = text.plist.xml; path = Info.plist; sourceTree = "<group>"; };
		42289B6D25B370D200B5C39C /* WeatherActivityWidgetView.swift */ = {isa = PBXFileReference; lastKnownFileType = sourcecode.swift; path = WeatherActivityWidgetView.swift; sourceTree = "<group>"; };
		4238F62D257D7C7600A755BE /* ActivityService.swift */ = {isa = PBXFileReference; lastKnownFileType = sourcecode.swift; path = ActivityService.swift; sourceTree = "<group>"; };
		4238F633257D7DDE00A755BE /* ActivitiesResponse.swift */ = {isa = PBXFileReference; lastKnownFileType = sourcecode.swift; path = ActivitiesResponse.swift; sourceTree = "<group>"; };
		423CFA5B2572A5BA005CF798 /* RegistrationCompletion.storyboard */ = {isa = PBXFileReference; lastKnownFileType = file.storyboard; path = RegistrationCompletion.storyboard; sourceTree = "<group>"; };
		423CFA602572A60F005CF798 /* RegistrationCompletionViewController.swift */ = {isa = PBXFileReference; lastKnownFileType = sourcecode.swift; path = RegistrationCompletionViewController.swift; sourceTree = "<group>"; };
		424F7EA2258BA504003EC185 /* UIButton+Appearance.swift */ = {isa = PBXFileReference; lastKnownFileType = sourcecode.swift; path = "UIButton+Appearance.swift"; sourceTree = "<group>"; };
		424F7EA7258BB3CE003EC185 /* TextFieldAppearance.swift */ = {isa = PBXFileReference; lastKnownFileType = sourcecode.swift; path = TextFieldAppearance.swift; sourceTree = "<group>"; };
		425246F925A0DBE500E5F003 /* UIExtensions.swift */ = {isa = PBXFileReference; lastKnownFileType = sourcecode.swift; path = UIExtensions.swift; sourceTree = "<group>"; };
		4252471E25A0E0B700E5F003 /* LaunchScreen.storyboard */ = {isa = PBXFileReference; fileEncoding = 4; lastKnownFileType = file.storyboard; path = LaunchScreen.storyboard; sourceTree = "<group>"; };
		4252C840258F95C900A2A7CC /* StandardStorage.swift */ = {isa = PBXFileReference; lastKnownFileType = sourcecode.swift; path = StandardStorage.swift; sourceTree = "<group>"; };
		4252C845258F99E400A2A7CC /* UserDefaultsManager.swift */ = {isa = PBXFileReference; lastKnownFileType = sourcecode.swift; path = UserDefaultsManager.swift; sourceTree = "<group>"; };
		4252F64425626DE600FCA0CB /* WeatherActivity.app */ = {isa = PBXFileReference; explicitFileType = wrapper.application; includeInIndex = 0; path = WeatherActivity.app; sourceTree = BUILT_PRODUCTS_DIR; };
		4252F64725626DE600FCA0CB /* AppDelegate.swift */ = {isa = PBXFileReference; lastKnownFileType = sourcecode.swift; path = AppDelegate.swift; sourceTree = "<group>"; };
		4252F64925626DE600FCA0CB /* SceneDelegate.swift */ = {isa = PBXFileReference; lastKnownFileType = sourcecode.swift; path = SceneDelegate.swift; sourceTree = "<group>"; };
		4252F64B25626DE600FCA0CB /* LoginViewController.swift */ = {isa = PBXFileReference; lastKnownFileType = sourcecode.swift; path = LoginViewController.swift; sourceTree = "<group>"; };
		4252F64E25626DE600FCA0CB /* Base */ = {isa = PBXFileReference; lastKnownFileType = file.storyboard; name = Base; path = Base.lproj/Login.storyboard; sourceTree = "<group>"; };
		4252F65025626DE900FCA0CB /* Assets.xcassets */ = {isa = PBXFileReference; lastKnownFileType = folder.assetcatalog; path = Assets.xcassets; sourceTree = "<group>"; };
		4252F65525626DE900FCA0CB /* Info.plist */ = {isa = PBXFileReference; lastKnownFileType = text.plist.xml; path = Info.plist; sourceTree = "<group>"; };
		4252F65A25626DE900FCA0CB /* WeatherActivityTests.xctest */ = {isa = PBXFileReference; explicitFileType = wrapper.cfbundle; includeInIndex = 0; path = WeatherActivityTests.xctest; sourceTree = BUILT_PRODUCTS_DIR; };
		4252F65E25626DE900FCA0CB /* WeatherActivityTests.swift */ = {isa = PBXFileReference; lastKnownFileType = sourcecode.swift; path = WeatherActivityTests.swift; sourceTree = "<group>"; };
		4252F66025626DE900FCA0CB /* Info.plist */ = {isa = PBXFileReference; lastKnownFileType = text.plist.xml; path = Info.plist; sourceTree = "<group>"; };
		4252F66525626DE900FCA0CB /* WeatherActivityUITests.xctest */ = {isa = PBXFileReference; explicitFileType = wrapper.cfbundle; includeInIndex = 0; path = WeatherActivityUITests.xctest; sourceTree = BUILT_PRODUCTS_DIR; };
		4252F66925626DE900FCA0CB /* WeatherActivityUITests.swift */ = {isa = PBXFileReference; lastKnownFileType = sourcecode.swift; path = WeatherActivityUITests.swift; sourceTree = "<group>"; };
		4252F66B25626DE900FCA0CB /* Info.plist */ = {isa = PBXFileReference; lastKnownFileType = text.plist.xml; path = Info.plist; sourceTree = "<group>"; };
		4252F699256282E800FCA0CB /* Registration.storyboard */ = {isa = PBXFileReference; lastKnownFileType = file.storyboard; path = Registration.storyboard; sourceTree = "<group>"; };
		4252F6AA2562871200FCA0CB /* FirstInitialScreen.storyboard */ = {isa = PBXFileReference; lastKnownFileType = file.storyboard; path = FirstInitialScreen.storyboard; sourceTree = "<group>"; };
		4252F6B025628A3800FCA0CB /* ThirdInitialScreen.storyboard */ = {isa = PBXFileReference; lastKnownFileType = file.storyboard; path = ThirdInitialScreen.storyboard; sourceTree = "<group>"; };
		4252F6B62562A04000FCA0CB /* SecondInitialScreen.storyboard */ = {isa = PBXFileReference; lastKnownFileType = file.storyboard; path = SecondInitialScreen.storyboard; sourceTree = "<group>"; };
		4257F70E259137F7004F191A /* SearchActivitiesViewController.swift */ = {isa = PBXFileReference; lastKnownFileType = sourcecode.swift; path = SearchActivitiesViewController.swift; sourceTree = "<group>"; };
		4274647025B8A95E007842C7 /* Colors.xcassets */ = {isa = PBXFileReference; lastKnownFileType = folder.assetcatalog; path = Colors.xcassets; sourceTree = "<group>"; };
		4278013D257CF11200E9EE9C /* ActivityCell.swift */ = {isa = PBXFileReference; lastKnownFileType = sourcecode.swift; path = ActivityCell.swift; sourceTree = "<group>"; };
		4278013E257CF11200E9EE9C /* ActivityCell.xib */ = {isa = PBXFileReference; lastKnownFileType = file.xib; path = ActivityCell.xib; sourceTree = "<group>"; };
		42780150257CF91800E9EE9C /* ActivityListView.xib */ = {isa = PBXFileReference; lastKnownFileType = file.xib; path = ActivityListView.xib; sourceTree = "<group>"; };
		42780155257CF94E00E9EE9C /* ActivityListView.swift */ = {isa = PBXFileReference; lastKnownFileType = sourcecode.swift; path = ActivityListView.swift; sourceTree = "<group>"; };
		4278015B257CFBEB00E9EE9C /* UITableView+RegisterCell.swift */ = {isa = PBXFileReference; lastKnownFileType = sourcecode.swift; path = "UITableView+RegisterCell.swift"; sourceTree = "<group>"; };
		427A6F43258C03AA007EDB4B /* RegistrationUserData.swift */ = {isa = PBXFileReference; lastKnownFileType = sourcecode.swift; path = RegistrationUserData.swift; sourceTree = "<group>"; };
		4294A88E258CEAA60003240C /* CagegoryModel.swift */ = {isa = PBXFileReference; lastKnownFileType = sourcecode.swift; path = CagegoryModel.swift; sourceTree = "<group>"; };
		4299725C25AD001F0021245B /* Calendar.storyboard */ = {isa = PBXFileReference; fileEncoding = 4; lastKnownFileType = file.storyboard; path = Calendar.storyboard; sourceTree = "<group>"; };
		4299725D25AD001F0021245B /* CalendarViewController.swift */ = {isa = PBXFileReference; fileEncoding = 4; lastKnownFileType = sourcecode.swift; path = CalendarViewController.swift; sourceTree = "<group>"; };
		429A736725758E9E00B99F8D /* UIViewController+Alert.swift */ = {isa = PBXFileReference; lastKnownFileType = sourcecode.swift; path = "UIViewController+Alert.swift"; sourceTree = "<group>"; };
		429A736F25758EC900B99F8D /* RegistrationValidator.swift */ = {isa = PBXFileReference; lastKnownFileType = sourcecode.swift; path = RegistrationValidator.swift; sourceTree = "<group>"; };
		42B0FB00257070A700781940 /* Constants.swift */ = {isa = PBXFileReference; lastKnownFileType = sourcecode.swift; path = Constants.swift; sourceTree = "<group>"; };
		42B69A4725B05DB9009481C4 /* Colors.xcassets */ = {isa = PBXFileReference; lastKnownFileType = folder.assetcatalog; path = Colors.xcassets; sourceTree = "<group>"; };
		42BC58F0259143120054CF75 /* SearchActivities.storyboard */ = {isa = PBXFileReference; lastKnownFileType = file.storyboard; path = SearchActivities.storyboard; sourceTree = "<group>"; };
		42C372C325A255C600A061BD /* FirstInitialScreenViewController.swift */ = {isa = PBXFileReference; lastKnownFileType = sourcecode.swift; path = FirstInitialScreenViewController.swift; sourceTree = "<group>"; };
		42C372C825A2569700A061BD /* SecondInitialScreenViewController.swift */ = {isa = PBXFileReference; lastKnownFileType = sourcecode.swift; path = SecondInitialScreenViewController.swift; sourceTree = "<group>"; };
		42C372D025A256F000A061BD /* ThirdInitialScreenViewController.swift */ = {isa = PBXFileReference; lastKnownFileType = sourcecode.swift; path = ThirdInitialScreenViewController.swift; sourceTree = "<group>"; };
		42C4B746257A8B65003FE675 /* WeatherTypeCollectionViewCell.swift */ = {isa = PBXFileReference; lastKnownFileType = sourcecode.swift; path = WeatherTypeCollectionViewCell.swift; sourceTree = "<group>"; };
		42D29B85257FAD0A00F74E5D /* CategoryResponse.swift */ = {isa = PBXFileReference; lastKnownFileType = sourcecode.swift; path = CategoryResponse.swift; sourceTree = "<group>"; };
		42D29B8A257FAD5500F74E5D /* CategoryService.swift */ = {isa = PBXFileReference; lastKnownFileType = sourcecode.swift; path = CategoryService.swift; sourceTree = "<group>"; };
		42D29B91257FADC500F74E5D /* CategoriesDetailsViewController.swift */ = {isa = PBXFileReference; lastKnownFileType = sourcecode.swift; path = CategoriesDetailsViewController.swift; sourceTree = "<group>"; };
		42D29B9C257FAE0900F74E5D /* CategoriesDetails.storyboard */ = {isa = PBXFileReference; lastKnownFileType = file.storyboard; path = CategoriesDetails.storyboard; sourceTree = "<group>"; };
		42D29BA1257FAE2D00F74E5D /* CategoriesCollectionViewCell.swift */ = {isa = PBXFileReference; lastKnownFileType = sourcecode.swift; path = CategoriesCollectionViewCell.swift; sourceTree = "<group>"; };
		42D320F125A0EE4F002E627E /* AvatarCollectionViewCell.swift */ = {isa = PBXFileReference; lastKnownFileType = sourcecode.swift; path = AvatarCollectionViewCell.swift; sourceTree = "<group>"; };
		42EF36C1256C159F0069E590 /* Home.storyboard */ = {isa = PBXFileReference; lastKnownFileType = file.storyboard; path = Home.storyboard; sourceTree = "<group>"; };
		42EF36C6256C15EB0069E590 /* HomeViewController.swift */ = {isa = PBXFileReference; lastKnownFileType = sourcecode.swift; path = HomeViewController.swift; sourceTree = "<group>"; };
		42F2E8ED259C8B07000D26B1 /* UIColor+Appearance.swift */ = {isa = PBXFileReference; lastKnownFileType = sourcecode.swift; path = "UIColor+Appearance.swift"; sourceTree = "<group>"; };
		4889E5E4675144E82D660FD3 /* Pods-WeatherActivity-WeatherActivityUITests.release.xcconfig */ = {isa = PBXFileReference; includeInIndex = 1; lastKnownFileType = text.xcconfig; name = "Pods-WeatherActivity-WeatherActivityUITests.release.xcconfig"; path = "Target Support Files/Pods-WeatherActivity-WeatherActivityUITests/Pods-WeatherActivity-WeatherActivityUITests.release.xcconfig"; sourceTree = "<group>"; };
		50D940EF3CEB4D27461352F0 /* Pods_WeatherActivityWidgetExtension.framework */ = {isa = PBXFileReference; explicitFileType = wrapper.framework; includeInIndex = 0; path = Pods_WeatherActivityWidgetExtension.framework; sourceTree = BUILT_PRODUCTS_DIR; };
		78A67BB396025B690A371D81 /* Pods-WeatherActivityTests.release.xcconfig */ = {isa = PBXFileReference; includeInIndex = 1; lastKnownFileType = text.xcconfig; name = "Pods-WeatherActivityTests.release.xcconfig"; path = "Target Support Files/Pods-WeatherActivityTests/Pods-WeatherActivityTests.release.xcconfig"; sourceTree = "<group>"; };
		8C250064258B761D00C79832 /* AddActivityFlowDataManager.swift */ = {isa = PBXFileReference; lastKnownFileType = sourcecode.swift; path = AddActivityFlowDataManager.swift; sourceTree = "<group>"; };
		8C25006A258B890800C79832 /* Encodable+Dictionary.swift */ = {isa = PBXFileReference; lastKnownFileType = sourcecode.swift; path = "Encodable+Dictionary.swift"; sourceTree = "<group>"; };
		8C2D04052576D280002E51D0 /* LoginCredentials.swift */ = {isa = PBXFileReference; lastKnownFileType = sourcecode.swift; path = LoginCredentials.swift; sourceTree = "<group>"; };
		8C2D040B2576D2A6002E51D0 /* AuthResponse.swift */ = {isa = PBXFileReference; lastKnownFileType = sourcecode.swift; path = AuthResponse.swift; sourceTree = "<group>"; };
		8C2D04132576D2B8002E51D0 /* TokenCheckResponse.swift */ = {isa = PBXFileReference; lastKnownFileType = sourcecode.swift; path = TokenCheckResponse.swift; sourceTree = "<group>"; };
		8C2D041E2576D394002E51D0 /* EmailCheckResponse.swift */ = {isa = PBXFileReference; lastKnownFileType = sourcecode.swift; path = EmailCheckResponse.swift; sourceTree = "<group>"; };
		8C2D04282576D9E9002E51D0 /* SecureStorage.swift */ = {isa = PBXFileReference; lastKnownFileType = sourcecode.swift; path = SecureStorage.swift; sourceTree = "<group>"; };
		8C2D042E2576DE3F002E51D0 /* SessionManager.swift */ = {isa = PBXFileReference; lastKnownFileType = sourcecode.swift; path = SessionManager.swift; sourceTree = "<group>"; };
		8C3EE107257E73B10017EEFD /* ForecastData.swift */ = {isa = PBXFileReference; lastKnownFileType = sourcecode.swift; path = ForecastData.swift; sourceTree = "<group>"; };
		8C49F09B25796B450067EA86 /* LocationDetailsViewController.swift */ = {isa = PBXFileReference; lastKnownFileType = sourcecode.swift; path = LocationDetailsViewController.swift; sourceTree = "<group>"; };
		8C49F0A325796B760067EA86 /* LocationDetails.storyboard */ = {isa = PBXFileReference; lastKnownFileType = file.storyboard; path = LocationDetails.storyboard; sourceTree = "<group>"; };
		8C49F0B7257973C10067EA86 /* TimeDetailsViewController.swift */ = {isa = PBXFileReference; lastKnownFileType = sourcecode.swift; path = TimeDetailsViewController.swift; sourceTree = "<group>"; };
		8C49F0C02579748D0067EA86 /* NewActivity.swift */ = {isa = PBXFileReference; lastKnownFileType = sourcecode.swift; path = NewActivity.swift; sourceTree = "<group>"; };
		8C49F0C5257974CD0067EA86 /* TimeDetails.storyboard */ = {isa = PBXFileReference; lastKnownFileType = file.storyboard; path = TimeDetails.storyboard; sourceTree = "<group>"; };
		8C4B642E258B51B70013DADD /* AddActivityStepViewController.swift */ = {isa = PBXFileReference; lastKnownFileType = sourcecode.swift; path = AddActivityStepViewController.swift; sourceTree = "<group>"; };
		8C4B6437258B52310013DADD /* AddActivityFlowNavigator.swift */ = {isa = PBXFileReference; lastKnownFileType = sourcecode.swift; path = AddActivityFlowNavigator.swift; sourceTree = "<group>"; };
		8C4B6446258B62230013DADD /* AddActivityStepInfo.swift */ = {isa = PBXFileReference; lastKnownFileType = sourcecode.swift; path = AddActivityStepInfo.swift; sourceTree = "<group>"; };
		8C4C9C56257AC78100B05F3D /* ForecastService.swift */ = {isa = PBXFileReference; lastKnownFileType = sourcecode.swift; path = ForecastService.swift; sourceTree = "<group>"; };
		8C7C9A56256D610900683AE5 /* RegistrationViewController.swift */ = {isa = PBXFileReference; lastKnownFileType = sourcecode.swift; path = RegistrationViewController.swift; sourceTree = "<group>"; };
		8C7C9A6C256E9FAE00683AE5 /* LoginService.swift */ = {isa = PBXFileReference; lastKnownFileType = sourcecode.swift; path = LoginService.swift; sourceTree = "<group>"; };
		8C7C9A7D256EA3EF00683AE5 /* User.swift */ = {isa = PBXFileReference; lastKnownFileType = sourcecode.swift; path = User.swift; sourceTree = "<group>"; };
		8C8BF4E62570F16D00E1CBE8 /* RegistrationService.swift */ = {isa = PBXFileReference; lastKnownFileType = sourcecode.swift; path = RegistrationService.swift; sourceTree = "<group>"; };
		8C9CD85D2594A96B00D49E16 /* WeatherTypeCollectionViewCell.swift */ = {isa = PBXFileReference; fileEncoding = 4; lastKnownFileType = sourcecode.swift; path = WeatherTypeCollectionViewCell.swift; sourceTree = "<group>"; };
		8CA49C5E257E249C008515B0 /* TimeDetailsManager.swift */ = {isa = PBXFileReference; lastKnownFileType = sourcecode.swift; path = TimeDetailsManager.swift; sourceTree = "<group>"; };
		8CB0C479258A4D46009450B3 /* FinalDetailsViewController.swift */ = {isa = PBXFileReference; lastKnownFileType = sourcecode.swift; path = FinalDetailsViewController.swift; sourceTree = "<group>"; };
		8CB0C486258A4D57009450B3 /* LocationDetailsViewController.swift */ = {isa = PBXFileReference; lastKnownFileType = sourcecode.swift; path = LocationDetailsViewController.swift; sourceTree = "<group>"; };
		8CB0C48B258A4D5F009450B3 /* TimeDetailsViewController.swift */ = {isa = PBXFileReference; lastKnownFileType = sourcecode.swift; path = TimeDetailsViewController.swift; sourceTree = "<group>"; };
		8CB0C493258A4D70009450B3 /* FinalDetails.storyboard */ = {isa = PBXFileReference; lastKnownFileType = file.storyboard; path = FinalDetails.storyboard; sourceTree = "<group>"; };
		8CB0C49D258A4D7E009450B3 /* LocationDetails.storyboard */ = {isa = PBXFileReference; lastKnownFileType = file.storyboard; path = LocationDetails.storyboard; sourceTree = "<group>"; };
		8CB0C4A2258A4D85009450B3 /* TimeDetails.storyboard */ = {isa = PBXFileReference; lastKnownFileType = file.storyboard; path = TimeDetails.storyboard; sourceTree = "<group>"; };
		8CDA3FB7257ACB340047C727 /* WeatherInfo.swift */ = {isa = PBXFileReference; lastKnownFileType = sourcecode.swift; path = WeatherInfo.swift; sourceTree = "<group>"; };
		8CE0417125764E04005EFEC4 /* RegistrationUser.swift */ = {isa = PBXFileReference; lastKnownFileType = sourcecode.swift; path = RegistrationUser.swift; sourceTree = "<group>"; };
		8F2D4BEF3035C874E7B0413D /* Pods-WeatherActivityWidgetExtension.release.xcconfig */ = {isa = PBXFileReference; includeInIndex = 1; lastKnownFileType = text.xcconfig; name = "Pods-WeatherActivityWidgetExtension.release.xcconfig"; path = "Target Support Files/Pods-WeatherActivityWidgetExtension/Pods-WeatherActivityWidgetExtension.release.xcconfig"; sourceTree = "<group>"; };
		93D4A326927C9B3C8B862DF3 /* Pods-WeatherActivityWidgetExtension.debug.xcconfig */ = {isa = PBXFileReference; includeInIndex = 1; lastKnownFileType = text.xcconfig; name = "Pods-WeatherActivityWidgetExtension.debug.xcconfig"; path = "Target Support Files/Pods-WeatherActivityWidgetExtension/Pods-WeatherActivityWidgetExtension.debug.xcconfig"; sourceTree = "<group>"; };
		B5B02EEB462094EE6C98877B /* Pods_WeatherActivity_WeatherActivityUITests.framework */ = {isa = PBXFileReference; explicitFileType = wrapper.framework; includeInIndex = 0; path = Pods_WeatherActivity_WeatherActivityUITests.framework; sourceTree = BUILT_PRODUCTS_DIR; };
		BA3023AC897B42AED81767F1 /* Pods-WeatherActivityTests.debug.xcconfig */ = {isa = PBXFileReference; includeInIndex = 1; lastKnownFileType = text.xcconfig; name = "Pods-WeatherActivityTests.debug.xcconfig"; path = "Target Support Files/Pods-WeatherActivityTests/Pods-WeatherActivityTests.debug.xcconfig"; sourceTree = "<group>"; };
		D0D04C44F4970BD5BAAD830F /* Pods-WeatherActivity.release.xcconfig */ = {isa = PBXFileReference; includeInIndex = 1; lastKnownFileType = text.xcconfig; name = "Pods-WeatherActivity.release.xcconfig"; path = "Target Support Files/Pods-WeatherActivity/Pods-WeatherActivity.release.xcconfig"; sourceTree = "<group>"; };
		E1C4AD44D6626AAB9A2A1F8C /* Pods-WeatherActivity.debug.xcconfig */ = {isa = PBXFileReference; includeInIndex = 1; lastKnownFileType = text.xcconfig; name = "Pods-WeatherActivity.debug.xcconfig"; path = "Target Support Files/Pods-WeatherActivity/Pods-WeatherActivity.debug.xcconfig"; sourceTree = "<group>"; };
		EB0EAF181C676D14C06AB651 /* Pods_WeatherActivityTests.framework */ = {isa = PBXFileReference; explicitFileType = wrapper.framework; includeInIndex = 0; path = Pods_WeatherActivityTests.framework; sourceTree = BUILT_PRODUCTS_DIR; };
		F179B58C1FB32CC422A33E4B /* Pods-WeatherActivity-WeatherActivityUITests.debug.xcconfig */ = {isa = PBXFileReference; includeInIndex = 1; lastKnownFileType = text.xcconfig; name = "Pods-WeatherActivity-WeatherActivityUITests.debug.xcconfig"; path = "Target Support Files/Pods-WeatherActivity-WeatherActivityUITests/Pods-WeatherActivity-WeatherActivityUITests.debug.xcconfig"; sourceTree = "<group>"; };
/* End PBXFileReference section */

/* Begin PBXFrameworksBuildPhase section */
		42289B5025B36F7D00B5C39C /* Frameworks */ = {
			isa = PBXFrameworksBuildPhase;
			buildActionMask = 2147483647;
			files = (
				42289B5725B36F7D00B5C39C /* SwiftUI.framework in Frameworks */,
				42289B5525B36F7D00B5C39C /* WidgetKit.framework in Frameworks */,
				9B611762AF873A0410982DF9 /* Pods_WeatherActivityWidgetExtension.framework in Frameworks */,
			);
			runOnlyForDeploymentPostprocessing = 0;
		};
		4252F64125626DE600FCA0CB /* Frameworks */ = {
			isa = PBXFrameworksBuildPhase;
			buildActionMask = 2147483647;
			files = (
				59D0F0E2DF975C4A873C0E12 /* Pods_WeatherActivity.framework in Frameworks */,
			);
			runOnlyForDeploymentPostprocessing = 0;
		};
		4252F65725626DE900FCA0CB /* Frameworks */ = {
			isa = PBXFrameworksBuildPhase;
			buildActionMask = 2147483647;
			files = (
				548B022222BD917EE347199F /* Pods_WeatherActivityTests.framework in Frameworks */,
			);
			runOnlyForDeploymentPostprocessing = 0;
		};
		4252F66225626DE900FCA0CB /* Frameworks */ = {
			isa = PBXFrameworksBuildPhase;
			buildActionMask = 2147483647;
			files = (
				DD643BF0A9E441A5AFDCC5B5 /* Pods_WeatherActivity_WeatherActivityUITests.framework in Frameworks */,
			);
			runOnlyForDeploymentPostprocessing = 0;
		};
/* End PBXFrameworksBuildPhase section */

/* Begin PBXGroup section */
		4227A751258CB6FA0082C0E8 /* ActivityDetails */ = {
			isa = PBXGroup;
			children = (
				4227A752258CB7730082C0E8 /* ActivityDetailsViewController.swift */,
				4227A753258CB7730082C0E8 /* ActivityDetailsViewController.xib */,
			);
			path = ActivityDetails;
			sourceTree = "<group>";
		};
		42289B5825B36F7D00B5C39C /* WeatherActivityWidget */ = {
			isa = PBXGroup;
			children = (
				42289B6C25B370BA00B5C39C /* View */,
				42289B5925B36F7D00B5C39C /* WeatherActivityWidget.swift */,
				42289B5B25B36F7D00B5C39C /* WeatherActivityWidget.intentdefinition */,
				42289B5C25B36F7E00B5C39C /* Assets.xcassets */,
				4274647025B8A95E007842C7 /* Colors.xcassets */,
				42289B5E25B36F7E00B5C39C /* Info.plist */,
				42124F5525B395F2008B7ACF /* WeatherActivityWidgetExtension.entitlements */,
			);
			path = WeatherActivityWidget;
			sourceTree = "<group>";
		};
		42289B6C25B370BA00B5C39C /* View */ = {
			isa = PBXGroup;
			children = (
				42289B6D25B370D200B5C39C /* WeatherActivityWidgetView.swift */,
			);
			path = View;
			sourceTree = "<group>";
		};
		4238F632257D7CB800A755BE /* ActivityModels */ = {
			isa = PBXGroup;
			children = (
				4238F633257D7DDE00A755BE /* ActivitiesResponse.swift */,
			);
			path = ActivityModels;
			sourceTree = "<group>";
		};
		4252F63B25626DE600FCA0CB = {
			isa = PBXGroup;
			children = (
				4252F64625626DE600FCA0CB /* WeatherActivity */,
				4252F65D25626DE900FCA0CB /* WeatherActivityTests */,
				4252F66825626DE900FCA0CB /* WeatherActivityUITests */,
				42289B5825B36F7D00B5C39C /* WeatherActivityWidget */,
				4252F64525626DE600FCA0CB /* Products */,
				CBEA9A2BE8A100AE3834D6B1 /* Pods */,
				E5BC53D52757344DB36747CD /* Frameworks */,
				8C4130872594A5E900305A7D /* Recovered References */,
			);
			sourceTree = "<group>";
		};
		4252F64525626DE600FCA0CB /* Products */ = {
			isa = PBXGroup;
			children = (
				4252F64425626DE600FCA0CB /* WeatherActivity.app */,
				4252F65A25626DE900FCA0CB /* WeatherActivityTests.xctest */,
				4252F66525626DE900FCA0CB /* WeatherActivityUITests.xctest */,
				42289B5325B36F7D00B5C39C /* WeatherActivityWidgetExtension.appex */,
			);
			name = Products;
			sourceTree = "<group>";
		};
		4252F64625626DE600FCA0CB /* WeatherActivity */ = {
			isa = PBXGroup;
			children = (
				4252F67D25626E4D00FCA0CB /* Application */,
				4252F67E25626E7C00FCA0CB /* Common */,
				4252F67F25626E9F00FCA0CB /* Modules */,
				4252F68725626EF100FCA0CB /* SupportingFiles */,
				42B0FB00257070A700781940 /* Constants.swift */,
				4252F65525626DE900FCA0CB /* Info.plist */,
				42124F5425B395D7008B7ACF /* WeatherActivity.entitlements */,
			);
			path = WeatherActivity;
			sourceTree = "<group>";
		};
		4252F65D25626DE900FCA0CB /* WeatherActivityTests */ = {
			isa = PBXGroup;
			children = (
				4252F65E25626DE900FCA0CB /* WeatherActivityTests.swift */,
				4252F66025626DE900FCA0CB /* Info.plist */,
			);
			path = WeatherActivityTests;
			sourceTree = "<group>";
		};
		4252F66825626DE900FCA0CB /* WeatherActivityUITests */ = {
			isa = PBXGroup;
			children = (
				4252F66925626DE900FCA0CB /* WeatherActivityUITests.swift */,
				4252F66B25626DE900FCA0CB /* Info.plist */,
			);
			path = WeatherActivityUITests;
			sourceTree = "<group>";
		};
		4252F67D25626E4D00FCA0CB /* Application */ = {
			isa = PBXGroup;
			children = (
				4252F64725626DE600FCA0CB /* AppDelegate.swift */,
				4252F64925626DE600FCA0CB /* SceneDelegate.swift */,
			);
			path = Application;
			sourceTree = "<group>";
		};
		4252F67E25626E7C00FCA0CB /* Common */ = {
			isa = PBXGroup;
			children = (
				8C250069258B88FD00C79832 /* Extensions */,
				8CA49C5D257E248D008515B0 /* Managers */,
				4278013C257CF0A600E9EE9C /* Views */,
				8C303EF32577907F00ACB536 /* Storage */,
				429A736425758E7500B99F8D /* ErrorHandling */,
				8C7C9A7C256EA3D000683AE5 /* UI */,
				8C7C9A6A256E9F8A00683AE5 /* Networking */,
			);
			path = Common;
			sourceTree = "<group>";
		};
		4252F67F25626E9F00FCA0CB /* Modules */ = {
			isa = PBXGroup;
			children = (
				4299725B25AD00050021245B /* Calendar */,
				4227A751258CB6FA0082C0E8 /* ActivityDetails */,
				8CB0C474258A4CBA009450B3 /* AddActivity */,
				42EF36C0256C157C0069E590 /* Home */,
				4252F6BE2562A93B00FCA0CB /* InitialScreens */,
				4252F6982562815F00FCA0CB /* Registration */,
				4252F68025626EC500FCA0CB /* Login */,
			);
			path = Modules;
			sourceTree = "<group>";
		};
		4252F68025626EC500FCA0CB /* Login */ = {
			isa = PBXGroup;
			children = (
				4252F64B25626DE600FCA0CB /* LoginViewController.swift */,
				4252F64D25626DE600FCA0CB /* Login.storyboard */,
			);
			path = Login;
			sourceTree = "<group>";
		};
		4252F68725626EF100FCA0CB /* SupportingFiles */ = {
			isa = PBXGroup;
			children = (
				4252F68825626F2A00FCA0CB /* Storyboards */,
				4252F65025626DE900FCA0CB /* Assets.xcassets */,
				42B69A4725B05DB9009481C4 /* Colors.xcassets */,
			);
			path = SupportingFiles;
			sourceTree = "<group>";
		};
		4252F68825626F2A00FCA0CB /* Storyboards */ = {
			isa = PBXGroup;
			children = (
				4252471E25A0E0B700E5F003 /* LaunchScreen.storyboard */,
			);
			path = Storyboards;
			sourceTree = "<group>";
		};
		4252F6982562815F00FCA0CB /* Registration */ = {
			isa = PBXGroup;
			children = (
				8C7C9A56256D610900683AE5 /* RegistrationViewController.swift */,
				4252F699256282E800FCA0CB /* Registration.storyboard */,
				423CFA5B2572A5BA005CF798 /* RegistrationCompletion.storyboard */,
				423CFA602572A60F005CF798 /* RegistrationCompletionViewController.swift */,
				42D320F125A0EE4F002E627E /* AvatarCollectionViewCell.swift */,
			);
			path = Registration;
			sourceTree = "<group>";
		};
		4252F6A1256286B800FCA0CB /* FirstInitialScreen */ = {
			isa = PBXGroup;
			children = (
				4252F6AA2562871200FCA0CB /* FirstInitialScreen.storyboard */,
				42C372C325A255C600A061BD /* FirstInitialScreenViewController.swift */,
			);
			path = FirstInitialScreen;
			sourceTree = "<group>";
		};
		4252F6AF25628A1A00FCA0CB /* ThirdInitialScreen */ = {
			isa = PBXGroup;
			children = (
				4252F6B025628A3800FCA0CB /* ThirdInitialScreen.storyboard */,
				42C372D025A256F000A061BD /* ThirdInitialScreenViewController.swift */,
			);
			path = ThirdInitialScreen;
			sourceTree = "<group>";
		};
		4252F6B52562A01200FCA0CB /* SecondInitialScreen */ = {
			isa = PBXGroup;
			children = (
				4252F6B62562A04000FCA0CB /* SecondInitialScreen.storyboard */,
				42C372C825A2569700A061BD /* SecondInitialScreenViewController.swift */,
			);
			path = SecondInitialScreen;
			sourceTree = "<group>";
		};
		4252F6BE2562A93B00FCA0CB /* InitialScreens */ = {
			isa = PBXGroup;
			children = (
				4252F6A1256286B800FCA0CB /* FirstInitialScreen */,
				4252F6B52562A01200FCA0CB /* SecondInitialScreen */,
				4252F6AF25628A1A00FCA0CB /* ThirdInitialScreen */,
			);
			path = InitialScreens;
			sourceTree = "<group>";
		};
		4257F70025913768004F191A /* SearchActivities */ = {
			isa = PBXGroup;
			children = (
				4257F70E259137F7004F191A /* SearchActivitiesViewController.swift */,
				42BC58F0259143120054CF75 /* SearchActivities.storyboard */,
				4215924D25939B9700DF5C33 /* CategoryCollectionViewCell.swift */,
			);
			path = SearchActivities;
			sourceTree = "<group>";
		};
		4278013C257CF0A600E9EE9C /* Views */ = {
			isa = PBXGroup;
			children = (
				42780144257CF77800E9EE9C /* ActivityListView */,
			);
			path = Views;
			sourceTree = "<group>";
		};
		42780144257CF77800E9EE9C /* ActivityListView */ = {
			isa = PBXGroup;
			children = (
				42780145257CF78400E9EE9C /* Cell */,
				42780150257CF91800E9EE9C /* ActivityListView.xib */,
				42780155257CF94E00E9EE9C /* ActivityListView.swift */,
			);
			path = ActivityListView;
			sourceTree = "<group>";
		};
		42780145257CF78400E9EE9C /* Cell */ = {
			isa = PBXGroup;
			children = (
				4278013D257CF11200E9EE9C /* ActivityCell.swift */,
				4278013E257CF11200E9EE9C /* ActivityCell.xib */,
			);
			path = Cell;
			sourceTree = "<group>";
		};
		4299725B25AD00050021245B /* Calendar */ = {
			isa = PBXGroup;
			children = (
				4299725C25AD001F0021245B /* Calendar.storyboard */,
				4299725D25AD001F0021245B /* CalendarViewController.swift */,
			);
			path = Calendar;
			sourceTree = "<group>";
		};
		429A736425758E7500B99F8D /* ErrorHandling */ = {
			isa = PBXGroup;
			children = (
				429A736625758E8900B99F8D /* Alert */,
				429A736525758E7E00B99F8D /* RegistrationValidator */,
			);
			path = ErrorHandling;
			sourceTree = "<group>";
		};
		429A736525758E7E00B99F8D /* RegistrationValidator */ = {
			isa = PBXGroup;
			children = (
				429A736F25758EC900B99F8D /* RegistrationValidator.swift */,
			);
			path = RegistrationValidator;
			sourceTree = "<group>";
		};
		429A736625758E8900B99F8D /* Alert */ = {
			isa = PBXGroup;
			children = (
				429A736725758E9E00B99F8D /* UIViewController+Alert.swift */,
			);
			path = Alert;
			sourceTree = "<group>";
		};
		42D29B84257FACEF00F74E5D /* CategoryModels */ = {
			isa = PBXGroup;
			children = (
				42D29B85257FAD0A00F74E5D /* CategoryResponse.swift */,
			);
			path = CategoryModels;
			sourceTree = "<group>";
		};
		42D29B90257FAD9F00F74E5D /* CategoriesDetails */ = {
			isa = PBXGroup;
			children = (
				42D29B91257FADC500F74E5D /* CategoriesDetailsViewController.swift */,
				42D29B9C257FAE0900F74E5D /* CategoriesDetails.storyboard */,
				42D29BA1257FAE2D00F74E5D /* CategoriesCollectionViewCell.swift */,
				4294A88E258CEAA60003240C /* CagegoryModel.swift */,
			);
			path = CategoriesDetails;
			sourceTree = "<group>";
		};
		42EF36C0256C157C0069E590 /* Home */ = {
			isa = PBXGroup;
			children = (
				4257F70025913768004F191A /* SearchActivities */,
				42EF36C1256C159F0069E590 /* Home.storyboard */,
				42EF36C6256C15EB0069E590 /* HomeViewController.swift */,
			);
			path = Home;
			sourceTree = "<group>";
		};
		8C250069258B88FD00C79832 /* Extensions */ = {
			isa = PBXGroup;
			children = (
				8C25006A258B890800C79832 /* Encodable+Dictionary.swift */,
				4278015B257CFBEB00E9EE9C /* UITableView+RegisterCell.swift */,
			);
			path = Extensions;
			sourceTree = "<group>";
		};
		8C2D040A2576D28B002E51D0 /* Login */ = {
			isa = PBXGroup;
			children = (
				8C2D04052576D280002E51D0 /* LoginCredentials.swift */,
				8C2D040B2576D2A6002E51D0 /* AuthResponse.swift */,
				8C2D04132576D2B8002E51D0 /* TokenCheckResponse.swift */,
			);
			path = Login;
			sourceTree = "<group>";
		};
		8C2D04182576D369002E51D0 /* Registration */ = {
			isa = PBXGroup;
			children = (
				8C2D041E2576D394002E51D0 /* EmailCheckResponse.swift */,
				8CE0417125764E04005EFEC4 /* RegistrationUser.swift */,
				427A6F43258C03AA007EDB4B /* RegistrationUserData.swift */,
			);
			path = Registration;
			sourceTree = "<group>";
		};
		8C303EF32577907F00ACB536 /* Storage */ = {
			isa = PBXGroup;
			children = (
				8C2D04282576D9E9002E51D0 /* SecureStorage.swift */,
				4252C840258F95C900A2A7CC /* StandardStorage.swift */,
			);
			path = Storage;
			sourceTree = "<group>";
		};
		8C4130872594A5E900305A7D /* Recovered References */ = {
			isa = PBXGroup;
			children = (
				42C4B746257A8B65003FE675 /* WeatherTypeCollectionViewCell.swift */,
				8C49F0B7257973C10067EA86 /* TimeDetailsViewController.swift */,
				8C49F09B25796B450067EA86 /* LocationDetailsViewController.swift */,
				420EB74625790E9F00ABCFAE /* FinalDetailsViewController.swift */,
				8C49F0C5257974CD0067EA86 /* TimeDetails.storyboard */,
				8C49F0A325796B760067EA86 /* LocationDetails.storyboard */,
				420EB74B25790EC100ABCFAE /* FinalDetails.storyboard */,
			);
			name = "Recovered References";
			sourceTree = "<group>";
		};
		8C49F0BF2579747F0067EA86 /* AddActivityModels */ = {
			isa = PBXGroup;
			children = (
				8C49F0C02579748D0067EA86 /* NewActivity.swift */,
			);
			path = AddActivityModels;
			sourceTree = "<group>";
		};
		8C4B642D258B51A60013DADD /* Base */ = {
			isa = PBXGroup;
			children = (
				8C4B642E258B51B70013DADD /* AddActivityStepViewController.swift */,
			);
			path = Base;
			sourceTree = "<group>";
		};
		8C4B6436258B521D0013DADD /* Utilities */ = {
			isa = PBXGroup;
			children = (
				8C4B6437258B52310013DADD /* AddActivityFlowNavigator.swift */,
				8C250064258B761D00C79832 /* AddActivityFlowDataManager.swift */,
			);
			path = Utilities;
			sourceTree = "<group>";
		};
		8C4B643F258B56730013DADD /* Models */ = {
			isa = PBXGroup;
			children = (
				8C4B6446258B62230013DADD /* AddActivityStepInfo.swift */,
			);
			path = Models;
			sourceTree = "<group>";
		};
		8C7C9A6A256E9F8A00683AE5 /* Networking */ = {
			isa = PBXGroup;
			children = (
				8C7C9A7B256EA3A900683AE5 /* Models */,
				8C7C9A6B256E9F9100683AE5 /* Services */,
				8C2D042E2576DE3F002E51D0 /* SessionManager.swift */,
				4252C845258F99E400A2A7CC /* UserDefaultsManager.swift */,
			);
			path = Networking;
			sourceTree = "<group>";
		};
		8C7C9A6B256E9F9100683AE5 /* Services */ = {
			isa = PBXGroup;
			children = (
				8C7C9A6C256E9FAE00683AE5 /* LoginService.swift */,
				8C8BF4E62570F16D00E1CBE8 /* RegistrationService.swift */,
				42D29B8A257FAD5500F74E5D /* CategoryService.swift */,
				8C4C9C56257AC78100B05F3D /* ForecastService.swift */,
				4238F62D257D7C7600A755BE /* ActivityService.swift */,
			);
			path = Services;
			sourceTree = "<group>";
		};
		8C7C9A7B256EA3A900683AE5 /* Models */ = {
			isa = PBXGroup;
			children = (
				42D29B84257FACEF00F74E5D /* CategoryModels */,
				8CDA3FB6257ACB2B0047C727 /* WeatherModels */,
				8C49F0BF2579747F0067EA86 /* AddActivityModels */,
				4238F632257D7CB800A755BE /* ActivityModels */,
				8C2D04182576D369002E51D0 /* Registration */,
				8C2D040A2576D28B002E51D0 /* Login */,
				8C7C9A7D256EA3EF00683AE5 /* User.swift */,
			);
			path = Models;
			sourceTree = "<group>";
		};
		8C7C9A7C256EA3D000683AE5 /* UI */ = {
			isa = PBXGroup;
			children = (
				4205CE1425705A3600FF056F /* UIExtensions.swift */,
				42F2E8ED259C8B07000D26B1 /* UIColor+Appearance.swift */,
				424F7EA2258BA504003EC185 /* UIButton+Appearance.swift */,
				424F7EA7258BB3CE003EC185 /* TextFieldAppearance.swift */,
				425246F925A0DBE500E5F003 /* UIExtensions.swift */,
				4204AFFD25A228E800ED9F3B /* PaddingLabel.swift */,
			);
			path = UI;
			sourceTree = "<group>";
		};
		8CA49C5D257E248D008515B0 /* Managers */ = {
			isa = PBXGroup;
			children = (
				8CA49C5E257E249C008515B0 /* TimeDetailsManager.swift */,
			);
			path = Managers;
			sourceTree = "<group>";
		};
		8CB0C474258A4CBA009450B3 /* AddActivity */ = {
			isa = PBXGroup;
			children = (
				42D29B90257FAD9F00F74E5D /* CategoriesDetails */,
				8C4B643F258B56730013DADD /* Models */,
				8C4B6436258B521D0013DADD /* Utilities */,
				8C4B642D258B51A60013DADD /* Base */,
				8CB0C478258A4D37009450B3 /* FinalDetails */,
				8CB0C476258A4D1D009450B3 /* LocationDetails */,
				8CB0C475258A4D11009450B3 /* TimeDetails */,
			);
			path = AddActivity;
			sourceTree = "<group>";
		};
		8CB0C475258A4D11009450B3 /* TimeDetails */ = {
			isa = PBXGroup;
			children = (
				8CB0C48B258A4D5F009450B3 /* TimeDetailsViewController.swift */,
				8CB0C4A2258A4D85009450B3 /* TimeDetails.storyboard */,
			);
			path = TimeDetails;
			sourceTree = "<group>";
		};
		8CB0C476258A4D1D009450B3 /* LocationDetails */ = {
			isa = PBXGroup;
			children = (
				8CB0C486258A4D57009450B3 /* LocationDetailsViewController.swift */,
				8CB0C49D258A4D7E009450B3 /* LocationDetails.storyboard */,
			);
			path = LocationDetails;
			sourceTree = "<group>";
		};
		8CB0C478258A4D37009450B3 /* FinalDetails */ = {
			isa = PBXGroup;
			children = (
				8CB0C479258A4D46009450B3 /* FinalDetailsViewController.swift */,
				8C9CD85D2594A96B00D49E16 /* WeatherTypeCollectionViewCell.swift */,
				8CB0C493258A4D70009450B3 /* FinalDetails.storyboard */,
			);
			path = FinalDetails;
			sourceTree = "<group>";
		};
		8CDA3FB6257ACB2B0047C727 /* WeatherModels */ = {
			isa = PBXGroup;
			children = (
				8CDA3FB7257ACB340047C727 /* WeatherInfo.swift */,
				8C3EE107257E73B10017EEFD /* ForecastData.swift */,
			);
			path = WeatherModels;
			sourceTree = "<group>";
		};
		CBEA9A2BE8A100AE3834D6B1 /* Pods */ = {
			isa = PBXGroup;
			children = (
				E1C4AD44D6626AAB9A2A1F8C /* Pods-WeatherActivity.debug.xcconfig */,
				D0D04C44F4970BD5BAAD830F /* Pods-WeatherActivity.release.xcconfig */,
				F179B58C1FB32CC422A33E4B /* Pods-WeatherActivity-WeatherActivityUITests.debug.xcconfig */,
				4889E5E4675144E82D660FD3 /* Pods-WeatherActivity-WeatherActivityUITests.release.xcconfig */,
				BA3023AC897B42AED81767F1 /* Pods-WeatherActivityTests.debug.xcconfig */,
				78A67BB396025B690A371D81 /* Pods-WeatherActivityTests.release.xcconfig */,
				93D4A326927C9B3C8B862DF3 /* Pods-WeatherActivityWidgetExtension.debug.xcconfig */,
				8F2D4BEF3035C874E7B0413D /* Pods-WeatherActivityWidgetExtension.release.xcconfig */,
			);
			path = Pods;
			sourceTree = "<group>";
		};
		E5BC53D52757344DB36747CD /* Frameworks */ = {
			isa = PBXGroup;
			children = (
				21E3DBCF3D927D95E4389908 /* Pods_WeatherActivity.framework */,
				B5B02EEB462094EE6C98877B /* Pods_WeatherActivity_WeatherActivityUITests.framework */,
				EB0EAF181C676D14C06AB651 /* Pods_WeatherActivityTests.framework */,
				42289B5425B36F7D00B5C39C /* WidgetKit.framework */,
				42289B5625B36F7D00B5C39C /* SwiftUI.framework */,
				50D940EF3CEB4D27461352F0 /* Pods_WeatherActivityWidgetExtension.framework */,
			);
			name = Frameworks;
			sourceTree = "<group>";
		};
/* End PBXGroup section */

/* Begin PBXNativeTarget section */
		42289B5225B36F7D00B5C39C /* WeatherActivityWidgetExtension */ = {
			isa = PBXNativeTarget;
			buildConfigurationList = 42289B6725B36F7E00B5C39C /* Build configuration list for PBXNativeTarget "WeatherActivityWidgetExtension" */;
			buildPhases = (
				A9FF8FC56D26BD33DA740F54 /* [CP] Check Pods Manifest.lock */,
				42289B4F25B36F7D00B5C39C /* Sources */,
				42289B5025B36F7D00B5C39C /* Frameworks */,
				42289B5125B36F7D00B5C39C /* Resources */,
			);
			buildRules = (
			);
			dependencies = (
			);
			name = WeatherActivityWidgetExtension;
			productName = WeatherActivityWidgetExtension;
			productReference = 42289B5325B36F7D00B5C39C /* WeatherActivityWidgetExtension.appex */;
			productType = "com.apple.product-type.app-extension";
		};
		4252F64325626DE600FCA0CB /* WeatherActivity */ = {
			isa = PBXNativeTarget;
			buildConfigurationList = 4252F66E25626DE900FCA0CB /* Build configuration list for PBXNativeTarget "WeatherActivity" */;
			buildPhases = (
				41641A4C91640836BF246130 /* [CP] Check Pods Manifest.lock */,
				4252F64025626DE600FCA0CB /* Sources */,
				4252F64125626DE600FCA0CB /* Frameworks */,
				4252F64225626DE600FCA0CB /* Resources */,
				1C5BE86FE2F4FB1CA4C15910 /* [CP] Embed Pods Frameworks */,
				42289B6425B36F7E00B5C39C /* Embed App Extensions */,
			);
			buildRules = (
			);
			dependencies = (
				42289B6225B36F7E00B5C39C /* PBXTargetDependency */,
			);
			name = WeatherActivity;
			productName = WeatherActivity;
			productReference = 4252F64425626DE600FCA0CB /* WeatherActivity.app */;
			productType = "com.apple.product-type.application";
		};
		4252F65925626DE900FCA0CB /* WeatherActivityTests */ = {
			isa = PBXNativeTarget;
			buildConfigurationList = 4252F67125626DE900FCA0CB /* Build configuration list for PBXNativeTarget "WeatherActivityTests" */;
			buildPhases = (
				AAD3F355DC5EC90273AAE1FC /* [CP] Check Pods Manifest.lock */,
				4252F65625626DE900FCA0CB /* Sources */,
				4252F65725626DE900FCA0CB /* Frameworks */,
				4252F65825626DE900FCA0CB /* Resources */,
			);
			buildRules = (
			);
			dependencies = (
				4252F65C25626DE900FCA0CB /* PBXTargetDependency */,
			);
			name = WeatherActivityTests;
			productName = WeatherActivityTests;
			productReference = 4252F65A25626DE900FCA0CB /* WeatherActivityTests.xctest */;
			productType = "com.apple.product-type.bundle.unit-test";
		};
		4252F66425626DE900FCA0CB /* WeatherActivityUITests */ = {
			isa = PBXNativeTarget;
			buildConfigurationList = 4252F67425626DE900FCA0CB /* Build configuration list for PBXNativeTarget "WeatherActivityUITests" */;
			buildPhases = (
				45CE1224548088A57D7C89B1 /* [CP] Check Pods Manifest.lock */,
				4252F66125626DE900FCA0CB /* Sources */,
				4252F66225626DE900FCA0CB /* Frameworks */,
				4252F66325626DE900FCA0CB /* Resources */,
				D7FEDC86F971E44917EBD326 /* [CP] Embed Pods Frameworks */,
			);
			buildRules = (
			);
			dependencies = (
				4252F66725626DE900FCA0CB /* PBXTargetDependency */,
			);
			name = WeatherActivityUITests;
			productName = WeatherActivityUITests;
			productReference = 4252F66525626DE900FCA0CB /* WeatherActivityUITests.xctest */;
			productType = "com.apple.product-type.bundle.ui-testing";
		};
/* End PBXNativeTarget section */

/* Begin PBXProject section */
		4252F63C25626DE600FCA0CB /* Project object */ = {
			isa = PBXProject;
			attributes = {
				LastSwiftUpdateCheck = 1220;
				LastUpgradeCheck = 1210;
				TargetAttributes = {
					42289B5225B36F7D00B5C39C = {
						CreatedOnToolsVersion = 12.2;
					};
					4252F64325626DE600FCA0CB = {
						CreatedOnToolsVersion = 12.1;
					};
					4252F65925626DE900FCA0CB = {
						CreatedOnToolsVersion = 12.1;
						TestTargetID = 4252F64325626DE600FCA0CB;
					};
					4252F66425626DE900FCA0CB = {
						CreatedOnToolsVersion = 12.1;
						TestTargetID = 4252F64325626DE600FCA0CB;
					};
				};
			};
			buildConfigurationList = 4252F63F25626DE600FCA0CB /* Build configuration list for PBXProject "WeatherActivity" */;
			compatibilityVersion = "Xcode 9.3";
			developmentRegion = en;
			hasScannedForEncodings = 0;
			knownRegions = (
				en,
				Base,
			);
			mainGroup = 4252F63B25626DE600FCA0CB;
			productRefGroup = 4252F64525626DE600FCA0CB /* Products */;
			projectDirPath = "";
			projectRoot = "";
			targets = (
				4252F64325626DE600FCA0CB /* WeatherActivity */,
				4252F65925626DE900FCA0CB /* WeatherActivityTests */,
				4252F66425626DE900FCA0CB /* WeatherActivityUITests */,
				42289B5225B36F7D00B5C39C /* WeatherActivityWidgetExtension */,
			);
		};
/* End PBXProject section */

/* Begin PBXResourcesBuildPhase section */
		42289B5125B36F7D00B5C39C /* Resources */ = {
			isa = PBXResourcesBuildPhase;
			buildActionMask = 2147483647;
			files = (
				4274647125B8A95E007842C7 /* Colors.xcassets in Resources */,
				4274646B25B8A128007842C7 /* Assets.xcassets in Resources */,
				42289B5D25B36F7E00B5C39C /* Assets.xcassets in Resources */,
			);
			runOnlyForDeploymentPostprocessing = 0;
		};
		4252F64225626DE600FCA0CB /* Resources */ = {
			isa = PBXResourcesBuildPhase;
			buildActionMask = 2147483647;
			files = (
				4299725E25AD001F0021245B /* Calendar.storyboard in Resources */,
				8C9CD86D2594A9FB00D49E16 /* Login.storyboard in Resources */,
				423CFA5C2572A5BA005CF798 /* RegistrationCompletion.storyboard in Resources */,
				42D29B9D257FAE0900F74E5D /* CategoriesDetails.storyboard in Resources */,
				4252471F25A0E0B700E5F003 /* LaunchScreen.storyboard in Resources */,
				4252F6AB2562871200FCA0CB /* FirstInitialScreen.storyboard in Resources */,
				4252F6B72562A04000FCA0CB /* SecondInitialScreen.storyboard in Resources */,
				8CB0C49E258A4D7E009450B3 /* LocationDetails.storyboard in Resources */,
				42780151257CF91800E9EE9C /* ActivityListView.xib in Resources */,
				4252F69A256282E800FCA0CB /* Registration.storyboard in Resources */,
				42B69A4825B05DB9009481C4 /* Colors.xcassets in Resources */,
				4252F6B125628A3800FCA0CB /* ThirdInitialScreen.storyboard in Resources */,
				42780140257CF11200E9EE9C /* ActivityCell.xib in Resources */,
				42BC58F1259143120054CF75 /* SearchActivities.storyboard in Resources */,
				4227A755258CB7730082C0E8 /* ActivityDetailsViewController.xib in Resources */,
				4252F65125626DE900FCA0CB /* Assets.xcassets in Resources */,
				8CB0C494258A4D70009450B3 /* FinalDetails.storyboard in Resources */,
				8CB0C4A3258A4D85009450B3 /* TimeDetails.storyboard in Resources */,
				42EF36C2256C159F0069E590 /* Home.storyboard in Resources */,
			);
			runOnlyForDeploymentPostprocessing = 0;
		};
		4252F65825626DE900FCA0CB /* Resources */ = {
			isa = PBXResourcesBuildPhase;
			buildActionMask = 2147483647;
			files = (
			);
			runOnlyForDeploymentPostprocessing = 0;
		};
		4252F66325626DE900FCA0CB /* Resources */ = {
			isa = PBXResourcesBuildPhase;
			buildActionMask = 2147483647;
			files = (
			);
			runOnlyForDeploymentPostprocessing = 0;
		};
/* End PBXResourcesBuildPhase section */

/* Begin PBXShellScriptBuildPhase section */
		1C5BE86FE2F4FB1CA4C15910 /* [CP] Embed Pods Frameworks */ = {
			isa = PBXShellScriptBuildPhase;
			buildActionMask = 2147483647;
			files = (
			);
			inputFileListPaths = (
				"${PODS_ROOT}/Target Support Files/Pods-WeatherActivity/Pods-WeatherActivity-frameworks-${CONFIGURATION}-input-files.xcfilelist",
			);
			name = "[CP] Embed Pods Frameworks";
			outputFileListPaths = (
				"${PODS_ROOT}/Target Support Files/Pods-WeatherActivity/Pods-WeatherActivity-frameworks-${CONFIGURATION}-output-files.xcfilelist",
			);
			runOnlyForDeploymentPostprocessing = 0;
			shellPath = /bin/sh;
			shellScript = "\"${PODS_ROOT}/Target Support Files/Pods-WeatherActivity/Pods-WeatherActivity-frameworks.sh\"\n";
			showEnvVarsInLog = 0;
		};
		41641A4C91640836BF246130 /* [CP] Check Pods Manifest.lock */ = {
			isa = PBXShellScriptBuildPhase;
			buildActionMask = 2147483647;
			files = (
			);
			inputFileListPaths = (
			);
			inputPaths = (
				"${PODS_PODFILE_DIR_PATH}/Podfile.lock",
				"${PODS_ROOT}/Manifest.lock",
			);
			name = "[CP] Check Pods Manifest.lock";
			outputFileListPaths = (
			);
			outputPaths = (
				"$(DERIVED_FILE_DIR)/Pods-WeatherActivity-checkManifestLockResult.txt",
			);
			runOnlyForDeploymentPostprocessing = 0;
			shellPath = /bin/sh;
			shellScript = "diff \"${PODS_PODFILE_DIR_PATH}/Podfile.lock\" \"${PODS_ROOT}/Manifest.lock\" > /dev/null\nif [ $? != 0 ] ; then\n    # print error to STDERR\n    echo \"error: The sandbox is not in sync with the Podfile.lock. Run 'pod install' or update your CocoaPods installation.\" >&2\n    exit 1\nfi\n# This output is used by Xcode 'outputs' to avoid re-running this script phase.\necho \"SUCCESS\" > \"${SCRIPT_OUTPUT_FILE_0}\"\n";
			showEnvVarsInLog = 0;
		};
		45CE1224548088A57D7C89B1 /* [CP] Check Pods Manifest.lock */ = {
			isa = PBXShellScriptBuildPhase;
			buildActionMask = 2147483647;
			files = (
			);
			inputFileListPaths = (
			);
			inputPaths = (
				"${PODS_PODFILE_DIR_PATH}/Podfile.lock",
				"${PODS_ROOT}/Manifest.lock",
			);
			name = "[CP] Check Pods Manifest.lock";
			outputFileListPaths = (
			);
			outputPaths = (
				"$(DERIVED_FILE_DIR)/Pods-WeatherActivity-WeatherActivityUITests-checkManifestLockResult.txt",
			);
			runOnlyForDeploymentPostprocessing = 0;
			shellPath = /bin/sh;
			shellScript = "diff \"${PODS_PODFILE_DIR_PATH}/Podfile.lock\" \"${PODS_ROOT}/Manifest.lock\" > /dev/null\nif [ $? != 0 ] ; then\n    # print error to STDERR\n    echo \"error: The sandbox is not in sync with the Podfile.lock. Run 'pod install' or update your CocoaPods installation.\" >&2\n    exit 1\nfi\n# This output is used by Xcode 'outputs' to avoid re-running this script phase.\necho \"SUCCESS\" > \"${SCRIPT_OUTPUT_FILE_0}\"\n";
			showEnvVarsInLog = 0;
		};
		A9FF8FC56D26BD33DA740F54 /* [CP] Check Pods Manifest.lock */ = {
			isa = PBXShellScriptBuildPhase;
			buildActionMask = 2147483647;
			files = (
			);
			inputFileListPaths = (
			);
			inputPaths = (
				"${PODS_PODFILE_DIR_PATH}/Podfile.lock",
				"${PODS_ROOT}/Manifest.lock",
			);
			name = "[CP] Check Pods Manifest.lock";
			outputFileListPaths = (
			);
			outputPaths = (
				"$(DERIVED_FILE_DIR)/Pods-WeatherActivityWidgetExtension-checkManifestLockResult.txt",
			);
			runOnlyForDeploymentPostprocessing = 0;
			shellPath = /bin/sh;
			shellScript = "diff \"${PODS_PODFILE_DIR_PATH}/Podfile.lock\" \"${PODS_ROOT}/Manifest.lock\" > /dev/null\nif [ $? != 0 ] ; then\n    # print error to STDERR\n    echo \"error: The sandbox is not in sync with the Podfile.lock. Run 'pod install' or update your CocoaPods installation.\" >&2\n    exit 1\nfi\n# This output is used by Xcode 'outputs' to avoid re-running this script phase.\necho \"SUCCESS\" > \"${SCRIPT_OUTPUT_FILE_0}\"\n";
			showEnvVarsInLog = 0;
		};
		AAD3F355DC5EC90273AAE1FC /* [CP] Check Pods Manifest.lock */ = {
			isa = PBXShellScriptBuildPhase;
			buildActionMask = 2147483647;
			files = (
			);
			inputFileListPaths = (
			);
			inputPaths = (
				"${PODS_PODFILE_DIR_PATH}/Podfile.lock",
				"${PODS_ROOT}/Manifest.lock",
			);
			name = "[CP] Check Pods Manifest.lock";
			outputFileListPaths = (
			);
			outputPaths = (
				"$(DERIVED_FILE_DIR)/Pods-WeatherActivityTests-checkManifestLockResult.txt",
			);
			runOnlyForDeploymentPostprocessing = 0;
			shellPath = /bin/sh;
			shellScript = "diff \"${PODS_PODFILE_DIR_PATH}/Podfile.lock\" \"${PODS_ROOT}/Manifest.lock\" > /dev/null\nif [ $? != 0 ] ; then\n    # print error to STDERR\n    echo \"error: The sandbox is not in sync with the Podfile.lock. Run 'pod install' or update your CocoaPods installation.\" >&2\n    exit 1\nfi\n# This output is used by Xcode 'outputs' to avoid re-running this script phase.\necho \"SUCCESS\" > \"${SCRIPT_OUTPUT_FILE_0}\"\n";
			showEnvVarsInLog = 0;
		};
		D7FEDC86F971E44917EBD326 /* [CP] Embed Pods Frameworks */ = {
			isa = PBXShellScriptBuildPhase;
			buildActionMask = 2147483647;
			files = (
			);
			inputFileListPaths = (
				"${PODS_ROOT}/Target Support Files/Pods-WeatherActivity-WeatherActivityUITests/Pods-WeatherActivity-WeatherActivityUITests-frameworks-${CONFIGURATION}-input-files.xcfilelist",
			);
			name = "[CP] Embed Pods Frameworks";
			outputFileListPaths = (
				"${PODS_ROOT}/Target Support Files/Pods-WeatherActivity-WeatherActivityUITests/Pods-WeatherActivity-WeatherActivityUITests-frameworks-${CONFIGURATION}-output-files.xcfilelist",
			);
			runOnlyForDeploymentPostprocessing = 0;
			shellPath = /bin/sh;
			shellScript = "\"${PODS_ROOT}/Target Support Files/Pods-WeatherActivity-WeatherActivityUITests/Pods-WeatherActivity-WeatherActivityUITests-frameworks.sh\"\n";
			showEnvVarsInLog = 0;
		};
/* End PBXShellScriptBuildPhase section */

/* Begin PBXSourcesBuildPhase section */
		42289B4F25B36F7D00B5C39C /* Sources */ = {
			isa = PBXSourcesBuildPhase;
			buildActionMask = 2147483647;
			files = (
				42289B7D25B3710000B5C39C /* ActivityService.swift in Sources */,
				42289B5F25B36F7E00B5C39C /* WeatherActivityWidget.intentdefinition in Sources */,
				42289B8725B3711200B5C39C /* SecureStorage.swift in Sources */,
				42289B8225B3710A00B5C39C /* SessionManager.swift in Sources */,
				42289B6F25B370D200B5C39C /* WeatherActivityWidgetView.swift in Sources */,
				42289B5A25B36F7D00B5C39C /* WeatherActivityWidget.swift in Sources */,
				42289B7825B370FC00B5C39C /* ActivitiesResponse.swift in Sources */,
				42289B9A25B3719400B5C39C /* Constants.swift in Sources */,
			);
			runOnlyForDeploymentPostprocessing = 0;
		};
		4252F64025626DE600FCA0CB /* Sources */ = {
			isa = PBXSourcesBuildPhase;
			buildActionMask = 2147483647;
			files = (
				4252C841258F95C900A2A7CC /* StandardStorage.swift in Sources */,
				8C4B6447258B62230013DADD /* AddActivityStepInfo.swift in Sources */,
				8C2D04142576D2B8002E51D0 /* TokenCheckResponse.swift in Sources */,
				42D320F225A0EE4F002E627E /* AvatarCollectionViewCell.swift in Sources */,
				4252F64C25626DE600FCA0CB /* LoginViewController.swift in Sources */,
				42D29B86257FAD0A00F74E5D /* CategoryResponse.swift in Sources */,
				8CB0C48C258A4D5F009450B3 /* TimeDetailsViewController.swift in Sources */,
				8C7C9A6D256E9FAE00683AE5 /* LoginService.swift in Sources */,
				42C372C425A255C600A061BD /* FirstInitialScreenViewController.swift in Sources */,
				424F7EA3258BA504003EC185 /* UIButton+Appearance.swift in Sources */,
				8C49F0C12579748D0067EA86 /* NewActivity.swift in Sources */,
				4215924E25939B9700DF5C33 /* CategoryCollectionViewCell.swift in Sources */,
				42289B6025B36F7E00B5C39C /* WeatherActivityWidget.intentdefinition in Sources */,
				4252F64825626DE600FCA0CB /* AppDelegate.swift in Sources */,
				42D29BA2257FAE2D00F74E5D /* CategoriesCollectionViewCell.swift in Sources */,
				42780156257CF94E00E9EE9C /* ActivityListView.swift in Sources */,
				8CB0C47A258A4D46009450B3 /* FinalDetailsViewController.swift in Sources */,
				8C7C9A7E256EA3EF00683AE5 /* User.swift in Sources */,
				4227A754258CB7730082C0E8 /* ActivityDetailsViewController.swift in Sources */,
				42D29B92257FADC500F74E5D /* CategoriesDetailsViewController.swift in Sources */,
				8C7C9A57256D610900683AE5 /* RegistrationViewController.swift in Sources */,
				8C2D04292576D9E9002E51D0 /* SecureStorage.swift in Sources */,
				8CDA3FB8257ACB340047C727 /* WeatherInfo.swift in Sources */,
				8C2D042F2576DE3F002E51D0 /* SessionManager.swift in Sources */,
				8C4C9C57257AC78100B05F3D /* ForecastService.swift in Sources */,
				8C2D041F2576D394002E51D0 /* EmailCheckResponse.swift in Sources */,
				8C9CD85E2594A96B00D49E16 /* WeatherTypeCollectionViewCell.swift in Sources */,
				8C2D04062576D280002E51D0 /* LoginCredentials.swift in Sources */,
				424F7EA8258BB3CE003EC185 /* TextFieldAppearance.swift in Sources */,
				8C4B6438258B52310013DADD /* AddActivityFlowNavigator.swift in Sources */,
				8C8BF4E72570F16D00E1CBE8 /* RegistrationService.swift in Sources */,
				42D29B8B257FAD5500F74E5D /* CategoryService.swift in Sources */,
				8C3EE108257E73B10017EEFD /* ForecastData.swift in Sources */,
				429A737025758EC900B99F8D /* RegistrationValidator.swift in Sources */,
				427A6F44258C03AA007EDB4B /* RegistrationUserData.swift in Sources */,
				423CFA612572A60F005CF798 /* RegistrationCompletionViewController.swift in Sources */,
				4204AFFE25A228E800ED9F3B /* PaddingLabel.swift in Sources */,
				8CE0417225764E04005EFEC4 /* RegistrationUser.swift in Sources */,
				425246FA25A0DBE500E5F003 /* UIExtensions.swift in Sources */,
				4278013F257CF11200E9EE9C /* ActivityCell.swift in Sources */,
				42F2E8EE259C8B07000D26B1 /* UIColor+Appearance.swift in Sources */,
				4252F64A25626DE600FCA0CB /* SceneDelegate.swift in Sources */,
				42C372D125A256F000A061BD /* ThirdInitialScreenViewController.swift in Sources */,
				4294A88F258CEAA60003240C /* CagegoryModel.swift in Sources */,
				4238F62E257D7C7600A755BE /* ActivityService.swift in Sources */,
				4257F70F259137F7004F191A /* SearchActivitiesViewController.swift in Sources */,
				42EF36C7256C15EB0069E590 /* HomeViewController.swift in Sources */,
				4252C846258F99E400A2A7CC /* UserDefaultsManager.swift in Sources */,
				42B0FB01257070A700781940 /* Constants.swift in Sources */,
				8C250065258B761D00C79832 /* AddActivityFlowDataManager.swift in Sources */,
				42C372C925A2569700A061BD /* SecondInitialScreenViewController.swift in Sources */,
				8CB0C487258A4D57009450B3 /* LocationDetailsViewController.swift in Sources */,
				8C2D040C2576D2A6002E51D0 /* AuthResponse.swift in Sources */,
				429A736825758E9E00B99F8D /* UIViewController+Alert.swift in Sources */,
				8C4B642F258B51B70013DADD /* AddActivityStepViewController.swift in Sources */,
				8C25006B258B890800C79832 /* Encodable+Dictionary.swift in Sources */,
				4278015C257CFBEB00E9EE9C /* UITableView+RegisterCell.swift in Sources */,
				8CA49C5F257E249C008515B0 /* TimeDetailsManager.swift in Sources */,
				4238F634257D7DDE00A755BE /* ActivitiesResponse.swift in Sources */,
				4299725F25AD001F0021245B /* CalendarViewController.swift in Sources */,
			);
			runOnlyForDeploymentPostprocessing = 0;
		};
		4252F65625626DE900FCA0CB /* Sources */ = {
			isa = PBXSourcesBuildPhase;
			buildActionMask = 2147483647;
			files = (
				4252F65F25626DE900FCA0CB /* WeatherActivityTests.swift in Sources */,
			);
			runOnlyForDeploymentPostprocessing = 0;
		};
		4252F66125626DE900FCA0CB /* Sources */ = {
			isa = PBXSourcesBuildPhase;
			buildActionMask = 2147483647;
			files = (
				4252F66A25626DE900FCA0CB /* WeatherActivityUITests.swift in Sources */,
			);
			runOnlyForDeploymentPostprocessing = 0;
		};
/* End PBXSourcesBuildPhase section */

/* Begin PBXTargetDependency section */
		42289B6225B36F7E00B5C39C /* PBXTargetDependency */ = {
			isa = PBXTargetDependency;
			target = 42289B5225B36F7D00B5C39C /* WeatherActivityWidgetExtension */;
			targetProxy = 42289B6125B36F7E00B5C39C /* PBXContainerItemProxy */;
		};
		4252F65C25626DE900FCA0CB /* PBXTargetDependency */ = {
			isa = PBXTargetDependency;
			target = 4252F64325626DE600FCA0CB /* WeatherActivity */;
			targetProxy = 4252F65B25626DE900FCA0CB /* PBXContainerItemProxy */;
		};
		4252F66725626DE900FCA0CB /* PBXTargetDependency */ = {
			isa = PBXTargetDependency;
			target = 4252F64325626DE600FCA0CB /* WeatherActivity */;
			targetProxy = 4252F66625626DE900FCA0CB /* PBXContainerItemProxy */;
		};
/* End PBXTargetDependency section */

/* Begin PBXVariantGroup section */
		4252F64D25626DE600FCA0CB /* Login.storyboard */ = {
			isa = PBXVariantGroup;
			children = (
				4252F64E25626DE600FCA0CB /* Base */,
			);
			name = Login.storyboard;
			sourceTree = "<group>";
		};
/* End PBXVariantGroup section */

/* Begin XCBuildConfiguration section */
		42289B6525B36F7E00B5C39C /* Debug */ = {
			isa = XCBuildConfiguration;
			baseConfigurationReference = 93D4A326927C9B3C8B862DF3 /* Pods-WeatherActivityWidgetExtension.debug.xcconfig */;
			buildSettings = {
				ASSETCATALOG_COMPILER_GLOBAL_ACCENT_COLOR_NAME = AccentColor;
				ASSETCATALOG_COMPILER_WIDGET_BACKGROUND_COLOR_NAME = WidgetBackground;
				CODE_SIGN_ENTITLEMENTS = WeatherActivityWidget/WeatherActivityWidgetExtension.entitlements;
				CODE_SIGN_STYLE = Automatic;
				DEVELOPMENT_TEAM = RA5CLW72Y4;
				INFOPLIST_FILE = WeatherActivityWidget/Info.plist;
				IPHONEOS_DEPLOYMENT_TARGET = 14.2;
				LD_RUNPATH_SEARCH_PATHS = (
					"$(inherited)",
					"@executable_path/Frameworks",
					"@executable_path/../../Frameworks",
				);
				PRODUCT_BUNDLE_IDENTIFIER = air.WeatherActivity.WeatherActivityWidget;
				PRODUCT_NAME = "$(TARGET_NAME)";
				SKIP_INSTALL = YES;
				SWIFT_VERSION = 5.0;
				TARGETED_DEVICE_FAMILY = "1,2";
			};
			name = Debug;
		};
		42289B6625B36F7E00B5C39C /* Release */ = {
			isa = XCBuildConfiguration;
			baseConfigurationReference = 8F2D4BEF3035C874E7B0413D /* Pods-WeatherActivityWidgetExtension.release.xcconfig */;
			buildSettings = {
				ASSETCATALOG_COMPILER_GLOBAL_ACCENT_COLOR_NAME = AccentColor;
				ASSETCATALOG_COMPILER_WIDGET_BACKGROUND_COLOR_NAME = WidgetBackground;
				CODE_SIGN_ENTITLEMENTS = WeatherActivityWidget/WeatherActivityWidgetExtension.entitlements;
				CODE_SIGN_STYLE = Automatic;
				DEVELOPMENT_TEAM = RA5CLW72Y4;
				INFOPLIST_FILE = WeatherActivityWidget/Info.plist;
				IPHONEOS_DEPLOYMENT_TARGET = 14.2;
				LD_RUNPATH_SEARCH_PATHS = (
					"$(inherited)",
					"@executable_path/Frameworks",
					"@executable_path/../../Frameworks",
				);
				PRODUCT_BUNDLE_IDENTIFIER = air.WeatherActivity.WeatherActivityWidget;
				PRODUCT_NAME = "$(TARGET_NAME)";
				SKIP_INSTALL = YES;
				SWIFT_VERSION = 5.0;
				TARGETED_DEVICE_FAMILY = "1,2";
			};
			name = Release;
		};
		4252F66C25626DE900FCA0CB /* Debug */ = {
			isa = XCBuildConfiguration;
			buildSettings = {
				ALWAYS_SEARCH_USER_PATHS = NO;
				CLANG_ANALYZER_NONNULL = YES;
				CLANG_ANALYZER_NUMBER_OBJECT_CONVERSION = YES_AGGRESSIVE;
				CLANG_CXX_LANGUAGE_STANDARD = "gnu++14";
				CLANG_CXX_LIBRARY = "libc++";
				CLANG_ENABLE_MODULES = YES;
				CLANG_ENABLE_OBJC_ARC = YES;
				CLANG_ENABLE_OBJC_WEAK = YES;
				CLANG_WARN_BLOCK_CAPTURE_AUTORELEASING = YES;
				CLANG_WARN_BOOL_CONVERSION = YES;
				CLANG_WARN_COMMA = YES;
				CLANG_WARN_CONSTANT_CONVERSION = YES;
				CLANG_WARN_DEPRECATED_OBJC_IMPLEMENTATIONS = YES;
				CLANG_WARN_DIRECT_OBJC_ISA_USAGE = YES_ERROR;
				CLANG_WARN_DOCUMENTATION_COMMENTS = YES;
				CLANG_WARN_EMPTY_BODY = YES;
				CLANG_WARN_ENUM_CONVERSION = YES;
				CLANG_WARN_INFINITE_RECURSION = YES;
				CLANG_WARN_INT_CONVERSION = YES;
				CLANG_WARN_NON_LITERAL_NULL_CONVERSION = YES;
				CLANG_WARN_OBJC_IMPLICIT_RETAIN_SELF = YES;
				CLANG_WARN_OBJC_LITERAL_CONVERSION = YES;
				CLANG_WARN_OBJC_ROOT_CLASS = YES_ERROR;
				CLANG_WARN_QUOTED_INCLUDE_IN_FRAMEWORK_HEADER = YES;
				CLANG_WARN_RANGE_LOOP_ANALYSIS = YES;
				CLANG_WARN_STRICT_PROTOTYPES = YES;
				CLANG_WARN_SUSPICIOUS_MOVE = YES;
				CLANG_WARN_UNGUARDED_AVAILABILITY = YES_AGGRESSIVE;
				CLANG_WARN_UNREACHABLE_CODE = YES;
				CLANG_WARN__DUPLICATE_METHOD_MATCH = YES;
				COPY_PHASE_STRIP = NO;
				DEBUG_INFORMATION_FORMAT = dwarf;
				ENABLE_STRICT_OBJC_MSGSEND = YES;
				ENABLE_TESTABILITY = YES;
				GCC_C_LANGUAGE_STANDARD = gnu11;
				GCC_DYNAMIC_NO_PIC = NO;
				GCC_NO_COMMON_BLOCKS = YES;
				GCC_OPTIMIZATION_LEVEL = 0;
				GCC_PREPROCESSOR_DEFINITIONS = (
					"DEBUG=1",
					"$(inherited)",
				);
				GCC_WARN_64_TO_32_BIT_CONVERSION = YES;
				GCC_WARN_ABOUT_RETURN_TYPE = YES_ERROR;
				GCC_WARN_UNDECLARED_SELECTOR = YES;
				GCC_WARN_UNINITIALIZED_AUTOS = YES_AGGRESSIVE;
				GCC_WARN_UNUSED_FUNCTION = YES;
				GCC_WARN_UNUSED_VARIABLE = YES;
				IPHONEOS_DEPLOYMENT_TARGET = 14.1;
				MTL_ENABLE_DEBUG_INFO = INCLUDE_SOURCE;
				MTL_FAST_MATH = YES;
				ONLY_ACTIVE_ARCH = YES;
				SDKROOT = iphoneos;
				SWIFT_ACTIVE_COMPILATION_CONDITIONS = DEBUG;
				SWIFT_OPTIMIZATION_LEVEL = "-Onone";
			};
			name = Debug;
		};
		4252F66D25626DE900FCA0CB /* Release */ = {
			isa = XCBuildConfiguration;
			buildSettings = {
				ALWAYS_SEARCH_USER_PATHS = NO;
				CLANG_ANALYZER_NONNULL = YES;
				CLANG_ANALYZER_NUMBER_OBJECT_CONVERSION = YES_AGGRESSIVE;
				CLANG_CXX_LANGUAGE_STANDARD = "gnu++14";
				CLANG_CXX_LIBRARY = "libc++";
				CLANG_ENABLE_MODULES = YES;
				CLANG_ENABLE_OBJC_ARC = YES;
				CLANG_ENABLE_OBJC_WEAK = YES;
				CLANG_WARN_BLOCK_CAPTURE_AUTORELEASING = YES;
				CLANG_WARN_BOOL_CONVERSION = YES;
				CLANG_WARN_COMMA = YES;
				CLANG_WARN_CONSTANT_CONVERSION = YES;
				CLANG_WARN_DEPRECATED_OBJC_IMPLEMENTATIONS = YES;
				CLANG_WARN_DIRECT_OBJC_ISA_USAGE = YES_ERROR;
				CLANG_WARN_DOCUMENTATION_COMMENTS = YES;
				CLANG_WARN_EMPTY_BODY = YES;
				CLANG_WARN_ENUM_CONVERSION = YES;
				CLANG_WARN_INFINITE_RECURSION = YES;
				CLANG_WARN_INT_CONVERSION = YES;
				CLANG_WARN_NON_LITERAL_NULL_CONVERSION = YES;
				CLANG_WARN_OBJC_IMPLICIT_RETAIN_SELF = YES;
				CLANG_WARN_OBJC_LITERAL_CONVERSION = YES;
				CLANG_WARN_OBJC_ROOT_CLASS = YES_ERROR;
				CLANG_WARN_QUOTED_INCLUDE_IN_FRAMEWORK_HEADER = YES;
				CLANG_WARN_RANGE_LOOP_ANALYSIS = YES;
				CLANG_WARN_STRICT_PROTOTYPES = YES;
				CLANG_WARN_SUSPICIOUS_MOVE = YES;
				CLANG_WARN_UNGUARDED_AVAILABILITY = YES_AGGRESSIVE;
				CLANG_WARN_UNREACHABLE_CODE = YES;
				CLANG_WARN__DUPLICATE_METHOD_MATCH = YES;
				COPY_PHASE_STRIP = NO;
				DEBUG_INFORMATION_FORMAT = "dwarf-with-dsym";
				ENABLE_NS_ASSERTIONS = NO;
				ENABLE_STRICT_OBJC_MSGSEND = YES;
				GCC_C_LANGUAGE_STANDARD = gnu11;
				GCC_NO_COMMON_BLOCKS = YES;
				GCC_WARN_64_TO_32_BIT_CONVERSION = YES;
				GCC_WARN_ABOUT_RETURN_TYPE = YES_ERROR;
				GCC_WARN_UNDECLARED_SELECTOR = YES;
				GCC_WARN_UNINITIALIZED_AUTOS = YES_AGGRESSIVE;
				GCC_WARN_UNUSED_FUNCTION = YES;
				GCC_WARN_UNUSED_VARIABLE = YES;
				IPHONEOS_DEPLOYMENT_TARGET = 14.1;
				MTL_ENABLE_DEBUG_INFO = NO;
				MTL_FAST_MATH = YES;
				SDKROOT = iphoneos;
				SWIFT_COMPILATION_MODE = wholemodule;
				SWIFT_OPTIMIZATION_LEVEL = "-O";
				VALIDATE_PRODUCT = YES;
			};
			name = Release;
		};
		4252F66F25626DE900FCA0CB /* Debug */ = {
			isa = XCBuildConfiguration;
			baseConfigurationReference = E1C4AD44D6626AAB9A2A1F8C /* Pods-WeatherActivity.debug.xcconfig */;
			buildSettings = {
				ALWAYS_EMBED_SWIFT_STANDARD_LIBRARIES = YES;
				ASSETCATALOG_COMPILER_APPICON_NAME = AppIcon;
				ASSETCATALOG_COMPILER_GLOBAL_ACCENT_COLOR_NAME = AccentColor;
				CODE_SIGN_ENTITLEMENTS = WeatherActivity/WeatherActivity.entitlements;
				CODE_SIGN_STYLE = Automatic;
				DEVELOPMENT_TEAM = RA5CLW72Y4;
				INFOPLIST_FILE = WeatherActivity/Info.plist;
				LD_RUNPATH_SEARCH_PATHS = (
					"$(inherited)",
					"@executable_path/Frameworks",
				);
				PRODUCT_BUNDLE_IDENTIFIER = air.WeatherActivity;
				PRODUCT_NAME = "$(TARGET_NAME)";
				SWIFT_VERSION = 5.0;
				TARGETED_DEVICE_FAMILY = 1;
			};
			name = Debug;
		};
		4252F67025626DE900FCA0CB /* Release */ = {
			isa = XCBuildConfiguration;
			baseConfigurationReference = D0D04C44F4970BD5BAAD830F /* Pods-WeatherActivity.release.xcconfig */;
			buildSettings = {
				ALWAYS_EMBED_SWIFT_STANDARD_LIBRARIES = YES;
				ASSETCATALOG_COMPILER_APPICON_NAME = AppIcon;
				ASSETCATALOG_COMPILER_GLOBAL_ACCENT_COLOR_NAME = AccentColor;
				CODE_SIGN_ENTITLEMENTS = WeatherActivity/WeatherActivity.entitlements;
				CODE_SIGN_STYLE = Automatic;
				DEVELOPMENT_TEAM = RA5CLW72Y4;
				INFOPLIST_FILE = WeatherActivity/Info.plist;
				LD_RUNPATH_SEARCH_PATHS = (
					"$(inherited)",
					"@executable_path/Frameworks",
				);
				PRODUCT_BUNDLE_IDENTIFIER = air.WeatherActivity;
				PRODUCT_NAME = "$(TARGET_NAME)";
				SWIFT_VERSION = 5.0;
				TARGETED_DEVICE_FAMILY = 1;
			};
			name = Release;
		};
		4252F67225626DE900FCA0CB /* Debug */ = {
			isa = XCBuildConfiguration;
			baseConfigurationReference = BA3023AC897B42AED81767F1 /* Pods-WeatherActivityTests.debug.xcconfig */;
			buildSettings = {
				ALWAYS_EMBED_SWIFT_STANDARD_LIBRARIES = YES;
				BUNDLE_LOADER = "$(TEST_HOST)";
				CODE_SIGN_STYLE = Automatic;
				DEVELOPMENT_TEAM = RA5CLW72Y4;
				INFOPLIST_FILE = WeatherActivityTests/Info.plist;
				IPHONEOS_DEPLOYMENT_TARGET = 14.1;
				LD_RUNPATH_SEARCH_PATHS = (
					"$(inherited)",
					"@executable_path/Frameworks",
					"@loader_path/Frameworks",
				);
				PRODUCT_BUNDLE_IDENTIFIER = air.WeatherActivityTests;
				PRODUCT_NAME = "$(TARGET_NAME)";
				SWIFT_VERSION = 5.0;
				TARGETED_DEVICE_FAMILY = "1,2";
				TEST_HOST = "$(BUILT_PRODUCTS_DIR)/WeatherActivity.app/WeatherActivity";
			};
			name = Debug;
		};
		4252F67325626DE900FCA0CB /* Release */ = {
			isa = XCBuildConfiguration;
			baseConfigurationReference = 78A67BB396025B690A371D81 /* Pods-WeatherActivityTests.release.xcconfig */;
			buildSettings = {
				ALWAYS_EMBED_SWIFT_STANDARD_LIBRARIES = YES;
				BUNDLE_LOADER = "$(TEST_HOST)";
				CODE_SIGN_STYLE = Automatic;
				DEVELOPMENT_TEAM = RA5CLW72Y4;
				INFOPLIST_FILE = WeatherActivityTests/Info.plist;
				IPHONEOS_DEPLOYMENT_TARGET = 14.1;
				LD_RUNPATH_SEARCH_PATHS = (
					"$(inherited)",
					"@executable_path/Frameworks",
					"@loader_path/Frameworks",
				);
				PRODUCT_BUNDLE_IDENTIFIER = air.WeatherActivityTests;
				PRODUCT_NAME = "$(TARGET_NAME)";
				SWIFT_VERSION = 5.0;
				TARGETED_DEVICE_FAMILY = "1,2";
				TEST_HOST = "$(BUILT_PRODUCTS_DIR)/WeatherActivity.app/WeatherActivity";
			};
			name = Release;
		};
		4252F67525626DE900FCA0CB /* Debug */ = {
			isa = XCBuildConfiguration;
			baseConfigurationReference = F179B58C1FB32CC422A33E4B /* Pods-WeatherActivity-WeatherActivityUITests.debug.xcconfig */;
			buildSettings = {
				ALWAYS_EMBED_SWIFT_STANDARD_LIBRARIES = YES;
				CODE_SIGN_STYLE = Automatic;
				DEVELOPMENT_TEAM = RA5CLW72Y4;
				INFOPLIST_FILE = WeatherActivityUITests/Info.plist;
				LD_RUNPATH_SEARCH_PATHS = (
					"$(inherited)",
					"@executable_path/Frameworks",
					"@loader_path/Frameworks",
				);
				PRODUCT_BUNDLE_IDENTIFIER = air.WeatherActivityUITests;
				PRODUCT_NAME = "$(TARGET_NAME)";
				SWIFT_VERSION = 5.0;
				TARGETED_DEVICE_FAMILY = "1,2";
				TEST_TARGET_NAME = WeatherActivity;
			};
			name = Debug;
		};
		4252F67625626DE900FCA0CB /* Release */ = {
			isa = XCBuildConfiguration;
			baseConfigurationReference = 4889E5E4675144E82D660FD3 /* Pods-WeatherActivity-WeatherActivityUITests.release.xcconfig */;
			buildSettings = {
				ALWAYS_EMBED_SWIFT_STANDARD_LIBRARIES = YES;
				CODE_SIGN_STYLE = Automatic;
				DEVELOPMENT_TEAM = RA5CLW72Y4;
				INFOPLIST_FILE = WeatherActivityUITests/Info.plist;
				LD_RUNPATH_SEARCH_PATHS = (
					"$(inherited)",
					"@executable_path/Frameworks",
					"@loader_path/Frameworks",
				);
				PRODUCT_BUNDLE_IDENTIFIER = air.WeatherActivityUITests;
				PRODUCT_NAME = "$(TARGET_NAME)";
				SWIFT_VERSION = 5.0;
				TARGETED_DEVICE_FAMILY = "1,2";
				TEST_TARGET_NAME = WeatherActivity;
			};
			name = Release;
		};
/* End XCBuildConfiguration section */

/* Begin XCConfigurationList section */
		42289B6725B36F7E00B5C39C /* Build configuration list for PBXNativeTarget "WeatherActivityWidgetExtension" */ = {
			isa = XCConfigurationList;
			buildConfigurations = (
				42289B6525B36F7E00B5C39C /* Debug */,
				42289B6625B36F7E00B5C39C /* Release */,
			);
			defaultConfigurationIsVisible = 0;
			defaultConfigurationName = Release;
		};
		4252F63F25626DE600FCA0CB /* Build configuration list for PBXProject "WeatherActivity" */ = {
			isa = XCConfigurationList;
			buildConfigurations = (
				4252F66C25626DE900FCA0CB /* Debug */,
				4252F66D25626DE900FCA0CB /* Release */,
			);
			defaultConfigurationIsVisible = 0;
			defaultConfigurationName = Release;
		};
		4252F66E25626DE900FCA0CB /* Build configuration list for PBXNativeTarget "WeatherActivity" */ = {
			isa = XCConfigurationList;
			buildConfigurations = (
				4252F66F25626DE900FCA0CB /* Debug */,
				4252F67025626DE900FCA0CB /* Release */,
			);
			defaultConfigurationIsVisible = 0;
			defaultConfigurationName = Release;
		};
		4252F67125626DE900FCA0CB /* Build configuration list for PBXNativeTarget "WeatherActivityTests" */ = {
			isa = XCConfigurationList;
			buildConfigurations = (
				4252F67225626DE900FCA0CB /* Debug */,
				4252F67325626DE900FCA0CB /* Release */,
			);
			defaultConfigurationIsVisible = 0;
			defaultConfigurationName = Release;
		};
		4252F67425626DE900FCA0CB /* Build configuration list for PBXNativeTarget "WeatherActivityUITests" */ = {
			isa = XCConfigurationList;
			buildConfigurations = (
				4252F67525626DE900FCA0CB /* Debug */,
				4252F67625626DE900FCA0CB /* Release */,
			);
			defaultConfigurationIsVisible = 0;
			defaultConfigurationName = Release;
		};
/* End XCConfigurationList section */
	};
	rootObject = 4252F63C25626DE600FCA0CB /* Project object */;
}
